// !$*UTF8*$!
{
	archiveVersion = 1;
	classes = {
	};
	objectVersion = 46;
	objects = {

/* Begin PBXBuildFile section */
		CB9F124B1D20DC2B002FAD15 /* GoogleCast.m in Sources */ = {isa = PBXBuildFile; fileRef = CB9F124A1D20DC2B002FAD15 /* GoogleCast.m */; };
/* End PBXBuildFile section */

/* Begin PBXCopyFilesBuildPhase section */
		1DAE2D1C1D086CD600D3FE06 /* CopyFiles */ = {
			isa = PBXCopyFilesBuildPhase;
			buildActionMask = 2147483647;
			dstPath = "include/$(PRODUCT_NAME)";
			dstSubfolderSpec = 16;
			files = (
			);
			runOnlyForDeploymentPostprocessing = 0;
		};
/* End PBXCopyFilesBuildPhase section */

/* Begin PBXFileReference section */
		1DAE2D1E1D086CD600D3FE06 /* libGoogleCastNative.a */ = {isa = PBXFileReference; explicitFileType = archive.ar; includeInIndex = 0; path = libGoogleCastNative.a; sourceTree = BUILT_PRODUCTS_DIR; };
		CB9F12491D20DC2B002FAD15 /* GoogleCast.h */ = {isa = PBXFileReference; fileEncoding = 4; lastKnownFileType = sourcecode.c.h; path = GoogleCast.h; sourceTree = "<group>"; };
		CB9F124A1D20DC2B002FAD15 /* GoogleCast.m */ = {isa = PBXFileReference; fileEncoding = 4; lastKnownFileType = sourcecode.c.objc; path = GoogleCast.m; sourceTree = "<group>"; };
/* End PBXFileReference section */

/* Begin PBXFrameworksBuildPhase section */
		1DAE2D1B1D086CD600D3FE06 /* Frameworks */ = {
			isa = PBXFrameworksBuildPhase;
			buildActionMask = 2147483647;
			files = (
			);
			runOnlyForDeploymentPostprocessing = 0;
		};
/* End PBXFrameworksBuildPhase section */

/* Begin PBXGroup section */
		1DAE2D151D086CD600D3FE06 = {
			isa = PBXGroup;
			children = (
				CB9F12481D20DC2B002FAD15 /* GoogleCastNative */,
				1DAE2D1F1D086CD600D3FE06 /* Products */,
			);
			sourceTree = "<group>";
		};
		1DAE2D1F1D086CD600D3FE06 /* Products */ = {
			isa = PBXGroup;
			children = (
				1DAE2D1E1D086CD600D3FE06 /* libGoogleCastNative.a */,
			);
			name = Products;
			sourceTree = "<group>";
		};
		CB9F12481D20DC2B002FAD15 /* GoogleCastNative */ = {
			isa = PBXGroup;
			children = (
				CB9F12491D20DC2B002FAD15 /* GoogleCast.h */,
				CB9F124A1D20DC2B002FAD15 /* GoogleCast.m */,
			);
			path = GoogleCastNative;
			sourceTree = "<group>";
		};
/* End PBXGroup section */

/* Begin PBXNativeTarget section */
		1DAE2D1D1D086CD600D3FE06 /* GoogleCastNative */ = {
			isa = PBXNativeTarget;
			buildConfigurationList = 1DAE2D271D086CD600D3FE06 /* Build configuration list for PBXNativeTarget "GoogleCastNative" */;
			buildPhases = (
				1DAE2D1A1D086CD600D3FE06 /* Sources */,
				1DAE2D1B1D086CD600D3FE06 /* Frameworks */,
				1DAE2D1C1D086CD600D3FE06 /* CopyFiles */,
			);
			buildRules = (
			);
			dependencies = (
			);
			name = GoogleCastNative;
			productName = RCTTwilioIPMessaging;
			productReference = 1DAE2D1E1D086CD600D3FE06 /* libGoogleCastNative.a */;
			productType = "com.apple.product-type.library.static";
		};
/* End PBXNativeTarget section */

/* Begin PBXProject section */
		1DAE2D161D086CD600D3FE06 /* Project object */ = {
			isa = PBXProject;
			attributes = {
				LastUpgradeCheck = 0730;
				ORGANIZATIONNAME = "Brad Bumbalough";
				TargetAttributes = {
					1DAE2D1D1D086CD600D3FE06 = {
						CreatedOnToolsVersion = 7.3.1;
					};
				};
			};
			buildConfigurationList = 1DAE2D191D086CD600D3FE06 /* Build configuration list for PBXProject "GoogleCastNative" */;
			compatibilityVersion = "Xcode 3.2";
			developmentRegion = English;
			hasScannedForEncodings = 0;
			knownRegions = (
				en,
			);
			mainGroup = 1DAE2D151D086CD600D3FE06;
			productRefGroup = 1DAE2D1F1D086CD600D3FE06 /* Products */;
			projectDirPath = "";
			projectRoot = "";
			targets = (
				1DAE2D1D1D086CD600D3FE06 /* GoogleCastNative */,
			);
		};
/* End PBXProject section */

/* Begin PBXSourcesBuildPhase section */
		1DAE2D1A1D086CD600D3FE06 /* Sources */ = {
			isa = PBXSourcesBuildPhase;
			buildActionMask = 2147483647;
			files = (
				CB9F124B1D20DC2B002FAD15 /* GoogleCast.m in Sources */,
			);
			runOnlyForDeploymentPostprocessing = 0;
		};
/* End PBXSourcesBuildPhase section */

/* Begin XCBuildConfiguration section */
		1DAE2D251D086CD600D3FE06 /* Debug */ = {
			isa = XCBuildConfiguration;
			buildSettings = {
				ALWAYS_SEARCH_USER_PATHS = NO;
				CLANG_ANALYZER_NONNULL = YES;
				CLANG_CXX_LANGUAGE_STANDARD = "gnu++0x";
				CLANG_CXX_LIBRARY = "libc++";
				CLANG_ENABLE_MODULES = YES;
				CLANG_ENABLE_OBJC_ARC = YES;
				CLANG_WARN_BOOL_CONVERSION = YES;
				CLANG_WARN_CONSTANT_CONVERSION = YES;
				CLANG_WARN_DIRECT_OBJC_ISA_USAGE = YES_ERROR;
				CLANG_WARN_EMPTY_BODY = YES;
				CLANG_WARN_ENUM_CONVERSION = YES;
				CLANG_WARN_INT_CONVERSION = YES;
				CLANG_WARN_OBJC_ROOT_CLASS = YES_ERROR;
				CLANG_WARN_UNREACHABLE_CODE = YES;
				CLANG_WARN__DUPLICATE_METHOD_MATCH = YES;
				"CODE_SIGN_IDENTITY[sdk=iphoneos*]" = "iPhone Developer";
				COPY_PHASE_STRIP = NO;
				DEBUG_INFORMATION_FORMAT = dwarf;
				ENABLE_STRICT_OBJC_MSGSEND = YES;
				ENABLE_TESTABILITY = YES;
				GCC_C_LANGUAGE_STANDARD = gnu99;
				GCC_DYNAMIC_NO_PIC = NO;
				GCC_NO_COMMON_BLOCKS = YES;
				GCC_OPTIMIZATION_LEVEL = 0;
				GCC_PREPROCESSOR_DEFINITIONS = (
					"DEBUG=1",
					"$(inherited)",
				);
				GCC_WARN_64_TO_32_BIT_CONVERSION = YES;
				GCC_WARN_ABOUT_RETURN_TYPE = YES_ERROR;
				GCC_WARN_UNDECLARED_SELECTOR = YES;
				GCC_WARN_UNINITIALIZED_AUTOS = YES_AGGRESSIVE;
				GCC_WARN_UNUSED_FUNCTION = YES;
				GCC_WARN_UNUSED_VARIABLE = YES;
				IPHONEOS_DEPLOYMENT_TARGET = 9.3;
				MTL_ENABLE_DEBUG_INFO = YES;
				ONLY_ACTIVE_ARCH = YES;
				SDKROOT = iphoneos;
			};
			name = Debug;
		};
		1DAE2D261D086CD600D3FE06 /* Release */ = {
			isa = XCBuildConfiguration;
			buildSettings = {
				ALWAYS_SEARCH_USER_PATHS = NO;
				CLANG_ANALYZER_NONNULL = YES;
				CLANG_CXX_LANGUAGE_STANDARD = "gnu++0x";
				CLANG_CXX_LIBRARY = "libc++";
				CLANG_ENABLE_MODULES = YES;
				CLANG_ENABLE_OBJC_ARC = YES;
				CLANG_WARN_BOOL_CONVERSION = YES;
				CLANG_WARN_CONSTANT_CONVERSION = YES;
				CLANG_WARN_DIRECT_OBJC_ISA_USAGE = YES_ERROR;
				CLANG_WARN_EMPTY_BODY = YES;
				CLANG_WARN_ENUM_CONVERSION = YES;
				CLANG_WARN_INT_CONVERSION = YES;
				CLANG_WARN_OBJC_ROOT_CLASS = YES_ERROR;
				CLANG_WARN_UNREACHABLE_CODE = YES;
				CLANG_WARN__DUPLICATE_METHOD_MATCH = YES;
				"CODE_SIGN_IDENTITY[sdk=iphoneos*]" = "iPhone Developer";
				COPY_PHASE_STRIP = NO;
				DEBUG_INFORMATION_FORMAT = "dwarf-with-dsym";
				ENABLE_NS_ASSERTIONS = NO;
				ENABLE_STRICT_OBJC_MSGSEND = YES;
				GCC_C_LANGUAGE_STANDARD = gnu99;
				GCC_NO_COMMON_BLOCKS = YES;
				GCC_WARN_64_TO_32_BIT_CONVERSION = YES;
				GCC_WARN_ABOUT_RETURN_TYPE = YES_ERROR;
				GCC_WARN_UNDECLARED_SELECTOR = YES;
				GCC_WARN_UNINITIALIZED_AUTOS = YES_AGGRESSIVE;
				GCC_WARN_UNUSED_FUNCTION = YES;
				GCC_WARN_UNUSED_VARIABLE = YES;
				IPHONEOS_DEPLOYMENT_TARGET = 9.3;
				MTL_ENABLE_DEBUG_INFO = NO;
				SDKROOT = iphoneos;
				VALIDATE_PRODUCT = YES;
			};
			name = Release;
		};
		1DAE2D281D086CD600D3FE06 /* Debug */ = {
			isa = XCBuildConfiguration;
			buildSettings = {
				FRAMEWORK_SEARCH_PATHS = (
					"$(inherited)",
					"$(SRCROOT)/../../ios/Pods/**",
				);
				HEADER_SEARCH_PATHS = (
					"$(inherited)",
					"$(SRCROOT)/../../React/**",
					"$(SRCROOT)/../../node_modules/react-native/React/**",
				);
				OTHER_LDFLAGS = (
					"-ObjC",
					"$(inherited)",
				);
				PODS_ROOT = "${SRCROOT}/../../ios/Pods";
				PRODUCT_NAME = GoogleCastNative;
				SKIP_INSTALL = YES;
			};
			name = Debug;
		};
		1DAE2D291D086CD600D3FE06 /* Release */ = {
			isa = XCBuildConfiguration;
			buildSettings = {
				FRAMEWORK_SEARCH_PATHS = (
					"$(inherited)",
					"$(SRCROOT)/../../ios/Pods/**",
				);
				HEADER_SEARCH_PATHS = (
					"$(inherited)",
					"$(SRCROOT)/../../React/**",
					"$(SRCROOT)/../../node_modules/react-native/React/**",
				);
				OTHER_LDFLAGS = (
					"-ObjC",
					"$(inherited)",
				);
				PODS_ROOT = "${SRCROOT}/../../ios/Pods";
				PRODUCT_NAME = GoogleCastNative;
				SKIP_INSTALL = YES;
			};
			name = Release;
		};
/* End XCBuildConfiguration section */

/* Begin XCConfigurationList section */
		1DAE2D191D086CD600D3FE06 /* Build configuration list for PBXProject "GoogleCastNative" */ = {
			isa = XCConfigurationList;
			buildConfigurations = (
				1DAE2D251D086CD600D3FE06 /* Debug */,
				1DAE2D261D086CD600D3FE06 /* Release */,
			);
			defaultConfigurationIsVisible = 0;
			defaultConfigurationName = Release;
		};
		1DAE2D271D086CD600D3FE06 /* Build configuration list for PBXNativeTarget "GoogleCastNative" */ = {
			isa = XCConfigurationList;
			buildConfigurations = (
				1DAE2D281D086CD600D3FE06 /* Debug */,
				1DAE2D291D086CD600D3FE06 /* Release */,
			);
			defaultConfigurationIsVisible = 0;
			defaultConfigurationName = Release;
		};
/* End XCConfigurationList section */
	};
	rootObject = 1DAE2D161D086CD600D3FE06 /* Project object */;
}
