// !$*UTF8*$!
{
	archiveVersion = 1;
	classes = {
	};
	objectVersion = 46;
	objects = {

/* Begin PBXBuildFile section */
		911BE485201C8E8200474413 /* RNGCCastContext.m in Sources */ = {isa = PBXBuildFile; fileRef = 911BE484201C8E8200474413 /* RNGCCastContext.m */; };
		9143E4D5231B1659008A23D9 /* RCTConvert+GCKCastState.m in Sources */ = {isa = PBXBuildFile; fileRef = 9143E4D4231B1659008A23D9 /* RCTConvert+GCKCastState.m */; };
		914932CF231C6AA5001AE93B /* RCTConvert+GCKDevice.m in Sources */ = {isa = PBXBuildFile; fileRef = 914932CE231C6AA5001AE93B /* RCTConvert+GCKDevice.m */; };
		914932D1231C6EA8001AE93B /* RCTConvert+GCKActiveInputStatus.m in Sources */ = {isa = PBXBuildFile; fileRef = 914932D0231C6EA8001AE93B /* RCTConvert+GCKActiveInputStatus.m */; };
		914932D3231D7555001AE93B /* RCTConvert+GCKApplicationMetadata.m in Sources */ = {isa = PBXBuildFile; fileRef = 914932D2231D7554001AE93B /* RCTConvert+GCKApplicationMetadata.m */; };
		914932D5231E7503001AE93B /* RCTConvert+GCKColor.m in Sources */ = {isa = PBXBuildFile; fileRef = 914932D4231E7502001AE93B /* RCTConvert+GCKColor.m */; };
		914932D7231E9978001AE93B /* RCTConvert+GCKMediaTextTrackStyle.m in Sources */ = {isa = PBXBuildFile; fileRef = 914932D6231E9977001AE93B /* RCTConvert+GCKMediaTextTrackStyle.m */; };
		914932D9231E9A07001AE93B /* RCTConvert+GCKMediaTextTrackStyleEdgeType.m in Sources */ = {isa = PBXBuildFile; fileRef = 914932D8231E9A07001AE93B /* RCTConvert+GCKMediaTextTrackStyleEdgeType.m */; };
		914932DB231E9B4E001AE93B /* RCTConvert+GCKMediaTextTrackStyleWindowType.m in Sources */ = {isa = PBXBuildFile; fileRef = 914932DA231E9B4E001AE93B /* RCTConvert+GCKMediaTextTrackStyleWindowType.m */; };
		914932DD231E9BBE001AE93B /* RCTConvert+GCKMediaTextTrackStyleFontGenericFamily.m in Sources */ = {isa = PBXBuildFile; fileRef = 914932DC231E9BBD001AE93B /* RCTConvert+GCKMediaTextTrackStyleFontGenericFamily.m */; };
		914932DF231E9CC0001AE93B /* RCTConvert+GCKMediaTextTrackStyleFontStyle.m in Sources */ = {isa = PBXBuildFile; fileRef = 914932DE231E9CC0001AE93B /* RCTConvert+GCKMediaTextTrackStyleFontStyle.m */; };
		914BA2C325BF7545001FFA5E /* RCTConvert+GCKMediaQueueData.m in Sources */ = {isa = PBXBuildFile; fileRef = 914BA2BC25BF7545001FFA5E /* RCTConvert+GCKMediaQueueData.m */; };
		914BA2C425BF7545001FFA5E /* RCTConvert+GCKCastSession.m in Sources */ = {isa = PBXBuildFile; fileRef = 914BA2BD25BF7545001FFA5E /* RCTConvert+GCKCastSession.m */; };
		914BA2C525BF7545001FFA5E /* RCTConvert+GCKMediaQueueContainerType.m in Sources */ = {isa = PBXBuildFile; fileRef = 914BA2BE25BF7545001FFA5E /* RCTConvert+GCKMediaQueueContainerType.m */; };
		914BA2C625BF7545001FFA5E /* RCTConvert+GCKMediaLoadRequest.m in Sources */ = {isa = PBXBuildFile; fileRef = 914BA2BF25BF7545001FFA5E /* RCTConvert+GCKMediaLoadRequest.m */; };
		914BA2C725BF7545001FFA5E /* RCTConvert+GCKMediaQueueType.m in Sources */ = {isa = PBXBuildFile; fileRef = 914BA2C025BF7545001FFA5E /* RCTConvert+GCKMediaQueueType.m */; };
		914BA2C825BF7545001FFA5E /* RCTConvert+GCKMediaQueueContainerMetadata.m in Sources */ = {isa = PBXBuildFile; fileRef = 914BA2C125BF7545001FFA5E /* RCTConvert+GCKMediaQueueContainerMetadata.m */; };
		914BA2C925BF7545001FFA5E /* RCTConvert+GCKRemoteMediaClient.m in Sources */ = {isa = PBXBuildFile; fileRef = 914BA2C225BF7545001FFA5E /* RCTConvert+GCKRemoteMediaClient.m */; };
		914BA2CD25BF7569001FFA5E /* RNGCDiscoveryManager.m in Sources */ = {isa = PBXBuildFile; fileRef = 914BA2CC25BF7569001FFA5E /* RNGCDiscoveryManager.m */; };
		91829AC3227E1D6000906C0C /* RCTConvert+GCKImage.m in Sources */ = {isa = PBXBuildFile; fileRef = 91829AA2227E1D5E00906C0C /* RCTConvert+GCKImage.m */; };
		91829AC4227E1D6000906C0C /* RCTConvert+GCKMediaMetadata.m in Sources */ = {isa = PBXBuildFile; fileRef = 91829AA3227E1D5E00906C0C /* RCTConvert+GCKMediaMetadata.m */; };
		91829AC5227E1D6000906C0C /* RCTConvert+GCKMediaTrackType.m in Sources */ = {isa = PBXBuildFile; fileRef = 91829AA4227E1D5E00906C0C /* RCTConvert+GCKMediaTrackType.m */; };
		91829AC6227E1D6000906C0C /* RNGCCastSession.m in Sources */ = {isa = PBXBuildFile; fileRef = 91829AA5227E1D5E00906C0C /* RNGCCastSession.m */; };
		91829AC7227E1D6000906C0C /* RCTConvert+GCKMediaStatus.m in Sources */ = {isa = PBXBuildFile; fileRef = 91829AA6227E1D5E00906C0C /* RCTConvert+GCKMediaStatus.m */; };
		91829AC8227E1D6000906C0C /* RCTConvert+GCKVideoInfo.m in Sources */ = {isa = PBXBuildFile; fileRef = 91829AA7227E1D5E00906C0C /* RCTConvert+GCKVideoInfo.m */; };
		91829AC9227E1D6000906C0C /* RCTConvert+GCKMediaTrack.m in Sources */ = {isa = PBXBuildFile; fileRef = 91829AA8227E1D5E00906C0C /* RCTConvert+GCKMediaTrack.m */; };
		91829ACA227E1D6000906C0C /* RCTConvert+GCKAdBreakStatus.m in Sources */ = {isa = PBXBuildFile; fileRef = 91829AA9227E1D5E00906C0C /* RCTConvert+GCKAdBreakStatus.m */; };
		91829ACB227E1D6000906C0C /* RCTConvert+GCKMediaSeekOptions.m in Sources */ = {isa = PBXBuildFile; fileRef = 91829AAA227E1D5E00906C0C /* RCTConvert+GCKMediaSeekOptions.m */; };
		91829ACC227E1D6000906C0C /* RCTConvert+GCKMediaRepeatMode.m in Sources */ = {isa = PBXBuildFile; fileRef = 91829AAB227E1D5E00906C0C /* RCTConvert+GCKMediaRepeatMode.m */; };
		91829ACE227E1D6000906C0C /* RCTConvert+GCKMediaPlayerState.m in Sources */ = {isa = PBXBuildFile; fileRef = 91829AAD227E1D5E00906C0C /* RCTConvert+GCKMediaPlayerState.m */; };
		91829ACF227E1D6000906C0C /* RNGCRemoteMediaClient.m in Sources */ = {isa = PBXBuildFile; fileRef = 91829AAE227E1D5F00906C0C /* RNGCRemoteMediaClient.m */; };
		91829AD0227E1D6000906C0C /* RCTConvert+GCKAdBreakClipInfo.m in Sources */ = {isa = PBXBuildFile; fileRef = 91829AAF227E1D5F00906C0C /* RCTConvert+GCKAdBreakClipInfo.m */; };
		91829AD1227E1D6000906C0C /* RCTConvert+GCKMediaPlayerIdleReason.m in Sources */ = {isa = PBXBuildFile; fileRef = 91829AB0227E1D5F00906C0C /* RCTConvert+GCKMediaPlayerIdleReason.m */; };
		91829AD2227E1D6000906C0C /* RCTConvert+GCKStandbyStatus.m in Sources */ = {isa = PBXBuildFile; fileRef = 91829AB2227E1D5F00906C0C /* RCTConvert+GCKStandbyStatus.m */; };
		91829AD3227E1D6000906C0C /* RCTConvert+GCKVideoInfoHDRType.m in Sources */ = {isa = PBXBuildFile; fileRef = 91829AB3227E1D5F00906C0C /* RCTConvert+GCKVideoInfoHDRType.m */; };
		91829AD4227E1D6000906C0C /* RCTConvert+GCKMediaResumeState.m in Sources */ = {isa = PBXBuildFile; fileRef = 91829AB4227E1D5F00906C0C /* RCTConvert+GCKMediaResumeState.m */; };
		91829AD5227E1D6000906C0C /* RCTConvert+GCKAdBreakInfo.m in Sources */ = {isa = PBXBuildFile; fileRef = 91829AB5227E1D5F00906C0C /* RCTConvert+GCKAdBreakInfo.m */; };
		91829AD6227E1D6000906C0C /* RCTConvert+GCKHLSSegmentFormat.m in Sources */ = {isa = PBXBuildFile; fileRef = 91829AB6227E1D5F00906C0C /* RCTConvert+GCKHLSSegmentFormat.m */; };
		91829AD7227E1D6000906C0C /* RCTConvert+GCKMediaTextTrackSubtype.m in Sources */ = {isa = PBXBuildFile; fileRef = 91829AB9227E1D5F00906C0C /* RCTConvert+GCKMediaTextTrackSubtype.m */; };
		91829AD8227E1D6000906C0C /* RCTConvert+GCKMediaInformation.m in Sources */ = {isa = PBXBuildFile; fileRef = 91829ABA227E1D5F00906C0C /* RCTConvert+GCKMediaInformation.m */; };
		91829AD9227E1D6000906C0C /* RCTConvert+GCKMediaQueueItem.m in Sources */ = {isa = PBXBuildFile; fileRef = 91829ABB227E1D5F00906C0C /* RCTConvert+GCKMediaQueueItem.m */; };
		91829ADB227E1D6000906C0C /* RNGCSessionManager.m in Sources */ = {isa = PBXBuildFile; fileRef = 91829ABD227E1D5F00906C0C /* RNGCSessionManager.m */; };
		91829ADC227E1D6000906C0C /* RNGCRequest.m in Sources */ = {isa = PBXBuildFile; fileRef = 91829ABE227E1D5F00906C0C /* RNGCRequest.m */; };
		91829ADD227E1D6000906C0C /* RCTConvert+GCKMediaStreamType.m in Sources */ = {isa = PBXBuildFile; fileRef = 91829ABF227E1D6000906C0C /* RCTConvert+GCKMediaStreamType.m */; };
		91829ADF227E1D6000906C0C /* RCTConvert+GCKMediaMetadataType.m in Sources */ = {isa = PBXBuildFile; fileRef = 91829AC2227E1D6000906C0C /* RCTConvert+GCKMediaMetadataType.m */; };
		91829AE3227E1D9900906C0C /* RNGoogleCastButton.m in Sources */ = {isa = PBXBuildFile; fileRef = 91829AE0227E1D9900906C0C /* RNGoogleCastButton.m */; };
		91829AE4227E1D9900906C0C /* RNGoogleCastButtonManager.m in Sources */ = {isa = PBXBuildFile; fileRef = 91829AE2227E1D9900906C0C /* RNGoogleCastButtonManager.m */; };
		91EB35C82283E67100ABE8E1 /* RCTConvert+ISO8601Date.m in Sources */ = {isa = PBXBuildFile; fileRef = 91EB35C72283E67100ABE8E1 /* RCTConvert+ISO8601Date.m */; };
/* End PBXBuildFile section */

/* Begin PBXCopyFilesBuildPhase section */
		58B511D91A9E6C8500147676 /* CopyFiles */ = {
			isa = PBXCopyFilesBuildPhase;
			buildActionMask = 2147483647;
			dstPath = "include/$(PRODUCT_NAME)";
			dstSubfolderSpec = 16;
			files = (
			);
			runOnlyForDeploymentPostprocessing = 0;
		};
/* End PBXCopyFilesBuildPhase section */

/* Begin PBXFileReference section */
		0AA36BA329CB398E009A7241 /* RCTConvert+GCKMediaLiveSeekableRange.h */ = {isa = PBXFileReference; lastKnownFileType = sourcecode.c.h; path = "RCTConvert+GCKMediaLiveSeekableRange.h"; sourceTree = "<group>"; };
		0AA36BA429CB39A8009A7241 /* RCTConvert+GCKMediaLiveSeekableRange.m */ = {isa = PBXFileReference; lastKnownFileType = sourcecode.c.objc; path = "RCTConvert+GCKMediaLiveSeekableRange.m"; sourceTree = "<group>"; };
		134814201AA4EA6300B7C361 /* libRNGoogleCast.a */ = {isa = PBXFileReference; explicitFileType = archive.ar; includeInIndex = 0; path = libRNGoogleCast.a; sourceTree = BUILT_PRODUCTS_DIR; };
		911BE483201C8E7C00474413 /* RNGCCastContext.h */ = {isa = PBXFileReference; fileEncoding = 4; lastKnownFileType = sourcecode.c.h; path = RNGCCastContext.h; sourceTree = "<group>"; };
		911BE484201C8E8200474413 /* RNGCCastContext.m */ = {isa = PBXFileReference; fileEncoding = 4; lastKnownFileType = sourcecode.c.objc; path = RNGCCastContext.m; sourceTree = "<group>"; };
		9143E4D4231B1659008A23D9 /* RCTConvert+GCKCastState.m */ = {isa = PBXFileReference; lastKnownFileType = sourcecode.c.objc; path = "RCTConvert+GCKCastState.m"; sourceTree = "<group>"; };
		914932CE231C6AA5001AE93B /* RCTConvert+GCKDevice.m */ = {isa = PBXFileReference; lastKnownFileType = sourcecode.c.objc; path = "RCTConvert+GCKDevice.m"; sourceTree = "<group>"; };
		914932D0231C6EA8001AE93B /* RCTConvert+GCKActiveInputStatus.m */ = {isa = PBXFileReference; lastKnownFileType = sourcecode.c.objc; path = "RCTConvert+GCKActiveInputStatus.m"; sourceTree = "<group>"; };
		914932D2231D7554001AE93B /* RCTConvert+GCKApplicationMetadata.m */ = {isa = PBXFileReference; lastKnownFileType = sourcecode.c.objc; path = "RCTConvert+GCKApplicationMetadata.m"; sourceTree = "<group>"; };
		914932D4231E7502001AE93B /* RCTConvert+GCKColor.m */ = {isa = PBXFileReference; lastKnownFileType = sourcecode.c.objc; path = "RCTConvert+GCKColor.m"; sourceTree = "<group>"; };
		914932D6231E9977001AE93B /* RCTConvert+GCKMediaTextTrackStyle.m */ = {isa = PBXFileReference; lastKnownFileType = sourcecode.c.objc; path = "RCTConvert+GCKMediaTextTrackStyle.m"; sourceTree = "<group>"; };
		914932D8231E9A07001AE93B /* RCTConvert+GCKMediaTextTrackStyleEdgeType.m */ = {isa = PBXFileReference; lastKnownFileType = sourcecode.c.objc; path = "RCTConvert+GCKMediaTextTrackStyleEdgeType.m"; sourceTree = "<group>"; };
		914932DA231E9B4E001AE93B /* RCTConvert+GCKMediaTextTrackStyleWindowType.m */ = {isa = PBXFileReference; lastKnownFileType = sourcecode.c.objc; path = "RCTConvert+GCKMediaTextTrackStyleWindowType.m"; sourceTree = "<group>"; };
		914932DC231E9BBD001AE93B /* RCTConvert+GCKMediaTextTrackStyleFontGenericFamily.m */ = {isa = PBXFileReference; lastKnownFileType = sourcecode.c.objc; path = "RCTConvert+GCKMediaTextTrackStyleFontGenericFamily.m"; sourceTree = "<group>"; };
		914932DE231E9CC0001AE93B /* RCTConvert+GCKMediaTextTrackStyleFontStyle.m */ = {isa = PBXFileReference; lastKnownFileType = sourcecode.c.objc; path = "RCTConvert+GCKMediaTextTrackStyleFontStyle.m"; sourceTree = "<group>"; };
		914BA2BC25BF7545001FFA5E /* RCTConvert+GCKMediaQueueData.m */ = {isa = PBXFileReference; fileEncoding = 4; lastKnownFileType = sourcecode.c.objc; path = "RCTConvert+GCKMediaQueueData.m"; sourceTree = "<group>"; };
		914BA2BD25BF7545001FFA5E /* RCTConvert+GCKCastSession.m */ = {isa = PBXFileReference; fileEncoding = 4; lastKnownFileType = sourcecode.c.objc; path = "RCTConvert+GCKCastSession.m"; sourceTree = "<group>"; };
		914BA2BE25BF7545001FFA5E /* RCTConvert+GCKMediaQueueContainerType.m */ = {isa = PBXFileReference; fileEncoding = 4; lastKnownFileType = sourcecode.c.objc; path = "RCTConvert+GCKMediaQueueContainerType.m"; sourceTree = "<group>"; };
		914BA2BF25BF7545001FFA5E /* RCTConvert+GCKMediaLoadRequest.m */ = {isa = PBXFileReference; fileEncoding = 4; lastKnownFileType = sourcecode.c.objc; path = "RCTConvert+GCKMediaLoadRequest.m"; sourceTree = "<group>"; };
		914BA2C025BF7545001FFA5E /* RCTConvert+GCKMediaQueueType.m */ = {isa = PBXFileReference; fileEncoding = 4; lastKnownFileType = sourcecode.c.objc; path = "RCTConvert+GCKMediaQueueType.m"; sourceTree = "<group>"; };
		914BA2C125BF7545001FFA5E /* RCTConvert+GCKMediaQueueContainerMetadata.m */ = {isa = PBXFileReference; fileEncoding = 4; lastKnownFileType = sourcecode.c.objc; path = "RCTConvert+GCKMediaQueueContainerMetadata.m"; sourceTree = "<group>"; };
		914BA2C225BF7545001FFA5E /* RCTConvert+GCKRemoteMediaClient.m */ = {isa = PBXFileReference; fileEncoding = 4; lastKnownFileType = sourcecode.c.objc; path = "RCTConvert+GCKRemoteMediaClient.m"; sourceTree = "<group>"; };
		914BA2CB25BF7569001FFA5E /* RNGCDiscoveryManager.h */ = {isa = PBXFileReference; fileEncoding = 4; lastKnownFileType = sourcecode.c.h; path = RNGCDiscoveryManager.h; sourceTree = "<group>"; };
		914BA2CC25BF7569001FFA5E /* RNGCDiscoveryManager.m */ = {isa = PBXFileReference; fileEncoding = 4; lastKnownFileType = sourcecode.c.objc; path = RNGCDiscoveryManager.m; sourceTree = "<group>"; };
		91829AA2227E1D5E00906C0C /* RCTConvert+GCKImage.m */ = {isa = PBXFileReference; fileEncoding = 4; lastKnownFileType = sourcecode.c.objc; name = "RCTConvert+GCKImage.m"; path = "RNGoogleCast/types/RCTConvert+GCKImage.m"; sourceTree = SOURCE_ROOT; };
		91829AA3227E1D5E00906C0C /* RCTConvert+GCKMediaMetadata.m */ = {isa = PBXFileReference; fileEncoding = 4; lastKnownFileType = sourcecode.c.objc; name = "RCTConvert+GCKMediaMetadata.m"; path = "RNGoogleCast/types/RCTConvert+GCKMediaMetadata.m"; sourceTree = SOURCE_ROOT; };
		91829AA4227E1D5E00906C0C /* RCTConvert+GCKMediaTrackType.m */ = {isa = PBXFileReference; fileEncoding = 4; lastKnownFileType = sourcecode.c.objc; name = "RCTConvert+GCKMediaTrackType.m"; path = "RNGoogleCast/types/RCTConvert+GCKMediaTrackType.m"; sourceTree = SOURCE_ROOT; };
		91829AA5227E1D5E00906C0C /* RNGCCastSession.m */ = {isa = PBXFileReference; fileEncoding = 4; lastKnownFileType = sourcecode.c.objc; name = RNGCCastSession.m; path = RNGoogleCast/api/RNGCCastSession.m; sourceTree = SOURCE_ROOT; };
		91829AA6227E1D5E00906C0C /* RCTConvert+GCKMediaStatus.m */ = {isa = PBXFileReference; fileEncoding = 4; lastKnownFileType = sourcecode.c.objc; name = "RCTConvert+GCKMediaStatus.m"; path = "RNGoogleCast/types/RCTConvert+GCKMediaStatus.m"; sourceTree = SOURCE_ROOT; };
		91829AA7227E1D5E00906C0C /* RCTConvert+GCKVideoInfo.m */ = {isa = PBXFileReference; fileEncoding = 4; lastKnownFileType = sourcecode.c.objc; name = "RCTConvert+GCKVideoInfo.m"; path = "RNGoogleCast/types/RCTConvert+GCKVideoInfo.m"; sourceTree = SOURCE_ROOT; };
		91829AA8227E1D5E00906C0C /* RCTConvert+GCKMediaTrack.m */ = {isa = PBXFileReference; fileEncoding = 4; lastKnownFileType = sourcecode.c.objc; name = "RCTConvert+GCKMediaTrack.m"; path = "RNGoogleCast/types/RCTConvert+GCKMediaTrack.m"; sourceTree = SOURCE_ROOT; };
		91829AA9227E1D5E00906C0C /* RCTConvert+GCKAdBreakStatus.m */ = {isa = PBXFileReference; fileEncoding = 4; lastKnownFileType = sourcecode.c.objc; name = "RCTConvert+GCKAdBreakStatus.m"; path = "RNGoogleCast/types/RCTConvert+GCKAdBreakStatus.m"; sourceTree = SOURCE_ROOT; };
		91829AAA227E1D5E00906C0C /* RCTConvert+GCKMediaSeekOptions.m */ = {isa = PBXFileReference; fileEncoding = 4; lastKnownFileType = sourcecode.c.objc; name = "RCTConvert+GCKMediaSeekOptions.m"; path = "RNGoogleCast/types/RCTConvert+GCKMediaSeekOptions.m"; sourceTree = SOURCE_ROOT; };
		91829AAB227E1D5E00906C0C /* RCTConvert+GCKMediaRepeatMode.m */ = {isa = PBXFileReference; fileEncoding = 4; lastKnownFileType = sourcecode.c.objc; name = "RCTConvert+GCKMediaRepeatMode.m"; path = "RNGoogleCast/types/RCTConvert+GCKMediaRepeatMode.m"; sourceTree = SOURCE_ROOT; };
		91829AAD227E1D5E00906C0C /* RCTConvert+GCKMediaPlayerState.m */ = {isa = PBXFileReference; fileEncoding = 4; lastKnownFileType = sourcecode.c.objc; name = "RCTConvert+GCKMediaPlayerState.m"; path = "RNGoogleCast/types/RCTConvert+GCKMediaPlayerState.m"; sourceTree = SOURCE_ROOT; };
		91829AAE227E1D5F00906C0C /* RNGCRemoteMediaClient.m */ = {isa = PBXFileReference; fileEncoding = 4; lastKnownFileType = sourcecode.c.objc; name = RNGCRemoteMediaClient.m; path = RNGoogleCast/api/RNGCRemoteMediaClient.m; sourceTree = SOURCE_ROOT; };
		91829AAF227E1D5F00906C0C /* RCTConvert+GCKAdBreakClipInfo.m */ = {isa = PBXFileReference; fileEncoding = 4; lastKnownFileType = sourcecode.c.objc; name = "RCTConvert+GCKAdBreakClipInfo.m"; path = "RNGoogleCast/types/RCTConvert+GCKAdBreakClipInfo.m"; sourceTree = SOURCE_ROOT; };
		91829AB0227E1D5F00906C0C /* RCTConvert+GCKMediaPlayerIdleReason.m */ = {isa = PBXFileReference; fileEncoding = 4; lastKnownFileType = sourcecode.c.objc; name = "RCTConvert+GCKMediaPlayerIdleReason.m"; path = "RNGoogleCast/types/RCTConvert+GCKMediaPlayerIdleReason.m"; sourceTree = SOURCE_ROOT; };
		91829AB1227E1D5F00906C0C /* RNGCSessionManager.h */ = {isa = PBXFileReference; fileEncoding = 4; lastKnownFileType = sourcecode.c.h; name = RNGCSessionManager.h; path = RNGoogleCast/api/RNGCSessionManager.h; sourceTree = SOURCE_ROOT; };
		91829AB2227E1D5F00906C0C /* RCTConvert+GCKStandbyStatus.m */ = {isa = PBXFileReference; fileEncoding = 4; lastKnownFileType = sourcecode.c.objc; name = "RCTConvert+GCKStandbyStatus.m"; path = "RNGoogleCast/types/RCTConvert+GCKStandbyStatus.m"; sourceTree = SOURCE_ROOT; };
		91829AB3227E1D5F00906C0C /* RCTConvert+GCKVideoInfoHDRType.m */ = {isa = PBXFileReference; fileEncoding = 4; lastKnownFileType = sourcecode.c.objc; name = "RCTConvert+GCKVideoInfoHDRType.m"; path = "RNGoogleCast/types/RCTConvert+GCKVideoInfoHDRType.m"; sourceTree = SOURCE_ROOT; };
		91829AB4227E1D5F00906C0C /* RCTConvert+GCKMediaResumeState.m */ = {isa = PBXFileReference; fileEncoding = 4; lastKnownFileType = sourcecode.c.objc; name = "RCTConvert+GCKMediaResumeState.m"; path = "RNGoogleCast/types/RCTConvert+GCKMediaResumeState.m"; sourceTree = SOURCE_ROOT; };
		91829AB5227E1D5F00906C0C /* RCTConvert+GCKAdBreakInfo.m */ = {isa = PBXFileReference; fileEncoding = 4; lastKnownFileType = sourcecode.c.objc; name = "RCTConvert+GCKAdBreakInfo.m"; path = "RNGoogleCast/types/RCTConvert+GCKAdBreakInfo.m"; sourceTree = SOURCE_ROOT; };
		91829AB6227E1D5F00906C0C /* RCTConvert+GCKHLSSegmentFormat.m */ = {isa = PBXFileReference; fileEncoding = 4; lastKnownFileType = sourcecode.c.objc; name = "RCTConvert+GCKHLSSegmentFormat.m"; path = "RNGoogleCast/types/RCTConvert+GCKHLSSegmentFormat.m"; sourceTree = SOURCE_ROOT; };
		91829AB7227E1D5F00906C0C /* RNGCCastSession.h */ = {isa = PBXFileReference; fileEncoding = 4; lastKnownFileType = sourcecode.c.h; name = RNGCCastSession.h; path = RNGoogleCast/api/RNGCCastSession.h; sourceTree = SOURCE_ROOT; };
		91829AB8227E1D5F00906C0C /* RNGCRequest.h */ = {isa = PBXFileReference; fileEncoding = 4; lastKnownFileType = sourcecode.c.h; name = RNGCRequest.h; path = RNGoogleCast/api/RNGCRequest.h; sourceTree = SOURCE_ROOT; };
		91829AB9227E1D5F00906C0C /* RCTConvert+GCKMediaTextTrackSubtype.m */ = {isa = PBXFileReference; fileEncoding = 4; lastKnownFileType = sourcecode.c.objc; name = "RCTConvert+GCKMediaTextTrackSubtype.m"; path = "RNGoogleCast/types/RCTConvert+GCKMediaTextTrackSubtype.m"; sourceTree = SOURCE_ROOT; };
		91829ABA227E1D5F00906C0C /* RCTConvert+GCKMediaInformation.m */ = {isa = PBXFileReference; fileEncoding = 4; lastKnownFileType = sourcecode.c.objc; name = "RCTConvert+GCKMediaInformation.m"; path = "RNGoogleCast/types/RCTConvert+GCKMediaInformation.m"; sourceTree = SOURCE_ROOT; };
		91829ABB227E1D5F00906C0C /* RCTConvert+GCKMediaQueueItem.m */ = {isa = PBXFileReference; fileEncoding = 4; lastKnownFileType = sourcecode.c.objc; name = "RCTConvert+GCKMediaQueueItem.m"; path = "RNGoogleCast/types/RCTConvert+GCKMediaQueueItem.m"; sourceTree = SOURCE_ROOT; };
		91829ABD227E1D5F00906C0C /* RNGCSessionManager.m */ = {isa = PBXFileReference; fileEncoding = 4; lastKnownFileType = sourcecode.c.objc; name = RNGCSessionManager.m; path = RNGoogleCast/api/RNGCSessionManager.m; sourceTree = SOURCE_ROOT; };
		91829ABE227E1D5F00906C0C /* RNGCRequest.m */ = {isa = PBXFileReference; fileEncoding = 4; lastKnownFileType = sourcecode.c.objc; name = RNGCRequest.m; path = RNGoogleCast/api/RNGCRequest.m; sourceTree = SOURCE_ROOT; };
		91829ABF227E1D6000906C0C /* RCTConvert+GCKMediaStreamType.m */ = {isa = PBXFileReference; fileEncoding = 4; lastKnownFileType = sourcecode.c.objc; name = "RCTConvert+GCKMediaStreamType.m"; path = "RNGoogleCast/types/RCTConvert+GCKMediaStreamType.m"; sourceTree = SOURCE_ROOT; };
		91829AC0227E1D6000906C0C /* RNGCRemoteMediaClient.h */ = {isa = PBXFileReference; fileEncoding = 4; lastKnownFileType = sourcecode.c.h; name = RNGCRemoteMediaClient.h; path = RNGoogleCast/api/RNGCRemoteMediaClient.h; sourceTree = SOURCE_ROOT; };
		91829AC2227E1D6000906C0C /* RCTConvert+GCKMediaMetadataType.m */ = {isa = PBXFileReference; fileEncoding = 4; lastKnownFileType = sourcecode.c.objc; name = "RCTConvert+GCKMediaMetadataType.m"; path = "RNGoogleCast/types/RCTConvert+GCKMediaMetadataType.m"; sourceTree = SOURCE_ROOT; };
		91829AE0227E1D9900906C0C /* RNGoogleCastButton.m */ = {isa = PBXFileReference; fileEncoding = 4; lastKnownFileType = sourcecode.c.objc; name = RNGoogleCastButton.m; path = RNGoogleCast/components/RNGoogleCastButton.m; sourceTree = SOURCE_ROOT; };
		91829AE1227E1D9900906C0C /* RNGoogleCastButton.h */ = {isa = PBXFileReference; fileEncoding = 4; lastKnownFileType = sourcecode.c.h; name = RNGoogleCastButton.h; path = RNGoogleCast/components/RNGoogleCastButton.h; sourceTree = SOURCE_ROOT; };
		91829AE2227E1D9900906C0C /* RNGoogleCastButtonManager.m */ = {isa = PBXFileReference; fileEncoding = 4; lastKnownFileType = sourcecode.c.objc; name = RNGoogleCastButtonManager.m; path = RNGoogleCast/components/RNGoogleCastButtonManager.m; sourceTree = SOURCE_ROOT; };
		91EB35C72283E67100ABE8E1 /* RCTConvert+ISO8601Date.m */ = {isa = PBXFileReference; lastKnownFileType = sourcecode.c.objc; path = "RCTConvert+ISO8601Date.m"; sourceTree = "<group>"; };
		F5A8B31225CDE17B001CD915 /* RCTConvert+GCKCastSession.h */ = {isa = PBXFileReference; lastKnownFileType = sourcecode.c.h; path = "RCTConvert+GCKCastSession.h"; sourceTree = "<group>"; };
		F5A8B37F25CDE68B001CD915 /* RCTConvert+GCKMediaLoadRequest.h */ = {isa = PBXFileReference; lastKnownFileType = sourcecode.c.h; path = "RCTConvert+GCKMediaLoadRequest.h"; sourceTree = "<group>"; };
		F5A8B38125CDE6EF001CD915 /* RCTConvert+GCKMediaQueueContainerMetadata.h */ = {isa = PBXFileReference; lastKnownFileType = sourcecode.c.h; path = "RCTConvert+GCKMediaQueueContainerMetadata.h"; sourceTree = "<group>"; };
		F5A8B38225CDE72E001CD915 /* RCTConvert+GCKMediaQueueContainerType.h */ = {isa = PBXFileReference; lastKnownFileType = sourcecode.c.h; path = "RCTConvert+GCKMediaQueueContainerType.h"; sourceTree = "<group>"; };
		F5A8B38425CDE90A001CD915 /* RCTConvert+GCKMediaQueueData.h */ = {isa = PBXFileReference; lastKnownFileType = sourcecode.c.h; path = "RCTConvert+GCKMediaQueueData.h"; sourceTree = "<group>"; };
		F5A8B38525CDE916001CD915 /* RCTConvert+GCKMediaQueueType.h */ = {isa = PBXFileReference; lastKnownFileType = sourcecode.c.h; path = "RCTConvert+GCKMediaQueueType.h"; sourceTree = "<group>"; };
		F5A8B38625CDE929001CD915 /* RCTConvert+GCKRemoteMediaClient.h */ = {isa = PBXFileReference; lastKnownFileType = sourcecode.c.h; path = "RCTConvert+GCKRemoteMediaClient.h"; sourceTree = "<group>"; };
		F5A8B38725CDE932001CD915 /* RCTConvert+GCKActiveInputStatus.h */ = {isa = PBXFileReference; lastKnownFileType = sourcecode.c.h; path = "RCTConvert+GCKActiveInputStatus.h"; sourceTree = "<group>"; };
		F5A8B38825CDE93B001CD915 /* RCTConvert+GCKAdBreakClipInfo.h */ = {isa = PBXFileReference; lastKnownFileType = sourcecode.c.h; path = "RCTConvert+GCKAdBreakClipInfo.h"; sourceTree = "<group>"; };
		F5A8B38925CDE945001CD915 /* RCTConvert+GCKAdBreakInfo.h */ = {isa = PBXFileReference; lastKnownFileType = sourcecode.c.h; path = "RCTConvert+GCKAdBreakInfo.h"; sourceTree = "<group>"; };
		F5A8B38A25CDE94E001CD915 /* RCTConvert+GCKAdBreakStatus.h */ = {isa = PBXFileReference; lastKnownFileType = sourcecode.c.h; path = "RCTConvert+GCKAdBreakStatus.h"; sourceTree = "<group>"; };
		F5A8B38B25CDE956001CD915 /* RCTConvert+GCKApplicationMetadata.h */ = {isa = PBXFileReference; lastKnownFileType = sourcecode.c.h; path = "RCTConvert+GCKApplicationMetadata.h"; sourceTree = "<group>"; };
		F5A8B38C25CDE962001CD915 /* RCTConvert+GCKCastState.h */ = {isa = PBXFileReference; lastKnownFileType = sourcecode.c.h; path = "RCTConvert+GCKCastState.h"; sourceTree = "<group>"; };
		F5A8B38D25CDE96D001CD915 /* RCTConvert+GCKColor.h */ = {isa = PBXFileReference; lastKnownFileType = sourcecode.c.h; path = "RCTConvert+GCKColor.h"; sourceTree = "<group>"; };
		F5A8B38E25CDE9C0001CD915 /* RCTConvert+GCKDevice.h */ = {isa = PBXFileReference; lastKnownFileType = sourcecode.c.h; path = "RCTConvert+GCKDevice.h"; sourceTree = "<group>"; };
		F5A8B38F25CDE9CC001CD915 /* RCTConvert+GCKHLSSegmentFormat.h */ = {isa = PBXFileReference; lastKnownFileType = sourcecode.c.h; path = "RCTConvert+GCKHLSSegmentFormat.h"; sourceTree = "<group>"; };
		F5A8B39025CDE9D5001CD915 /* RCTConvert+GCKImage.h */ = {isa = PBXFileReference; lastKnownFileType = sourcecode.c.h; path = "RCTConvert+GCKImage.h"; sourceTree = "<group>"; };
		F5A8B39125CDE9E0001CD915 /* RCTConvert+GCKMediaInformation.h */ = {isa = PBXFileReference; lastKnownFileType = sourcecode.c.h; path = "RCTConvert+GCKMediaInformation.h"; sourceTree = "<group>"; };
		F5A8B39225CDE9E8001CD915 /* RCTConvert+GCKMediaMetadata.h */ = {isa = PBXFileReference; lastKnownFileType = sourcecode.c.h; path = "RCTConvert+GCKMediaMetadata.h"; sourceTree = "<group>"; };
		F5A8B39325CDE9F1001CD915 /* RCTConvert+GCKMediaMetadataType.h */ = {isa = PBXFileReference; lastKnownFileType = sourcecode.c.h; path = "RCTConvert+GCKMediaMetadataType.h"; sourceTree = "<group>"; };
		F5A8B39425CDE9F8001CD915 /* RCTConvert+GCKMediaPlayerIdleReason.h */ = {isa = PBXFileReference; lastKnownFileType = sourcecode.c.h; path = "RCTConvert+GCKMediaPlayerIdleReason.h"; sourceTree = "<group>"; };
		F5A8B39525CDE9FF001CD915 /* RCTConvert+GCKMediaPlayerState.h */ = {isa = PBXFileReference; lastKnownFileType = sourcecode.c.h; path = "RCTConvert+GCKMediaPlayerState.h"; sourceTree = "<group>"; };
		F5A8B39625CDEA05001CD915 /* RCTConvert+GCKMediaQueueItem.h */ = {isa = PBXFileReference; lastKnownFileType = sourcecode.c.h; path = "RCTConvert+GCKMediaQueueItem.h"; sourceTree = "<group>"; };
		F5A8B39725CDEA10001CD915 /* RCTConvert+GCKMediaRepeatMode.h */ = {isa = PBXFileReference; lastKnownFileType = sourcecode.c.h; path = "RCTConvert+GCKMediaRepeatMode.h"; sourceTree = "<group>"; };
		F5A8B39825CDEA19001CD915 /* RCTConvert+GCKMediaResumeState.h */ = {isa = PBXFileReference; lastKnownFileType = sourcecode.c.h; path = "RCTConvert+GCKMediaResumeState.h"; sourceTree = "<group>"; };
		F5A8B39925CDEA21001CD915 /* RCTConvert+GCKMediaSeekOptions.h */ = {isa = PBXFileReference; lastKnownFileType = sourcecode.c.h; path = "RCTConvert+GCKMediaSeekOptions.h"; sourceTree = "<group>"; };
		F5A8B39A25CDEA2B001CD915 /* RCTConvert+GCKMediaStatus.h */ = {isa = PBXFileReference; lastKnownFileType = sourcecode.c.h; path = "RCTConvert+GCKMediaStatus.h"; sourceTree = "<group>"; };
		F5A8B39B25CDEA33001CD915 /* RCTConvert+GCKMediaStreamType.h */ = {isa = PBXFileReference; lastKnownFileType = sourcecode.c.h; path = "RCTConvert+GCKMediaStreamType.h"; sourceTree = "<group>"; };
		F5A8B39C25CDEA3F001CD915 /* RCTConvert+GCKMediaTextTrackStyle.h */ = {isa = PBXFileReference; lastKnownFileType = sourcecode.c.h; path = "RCTConvert+GCKMediaTextTrackStyle.h"; sourceTree = "<group>"; };
		F5A8B39D25CDEA5B001CD915 /* RCTConvert+GCKMediaTextTrackStyleEdgeType.h */ = {isa = PBXFileReference; lastKnownFileType = sourcecode.c.h; path = "RCTConvert+GCKMediaTextTrackStyleEdgeType.h"; sourceTree = "<group>"; };
		F5A8B39E25CDEA64001CD915 /* RCTConvert+GCKMediaTextTrackStyleFontGenericFamily.h */ = {isa = PBXFileReference; lastKnownFileType = sourcecode.c.h; path = "RCTConvert+GCKMediaTextTrackStyleFontGenericFamily.h"; sourceTree = "<group>"; };
		F5A8B39F25CDEA6D001CD915 /* RCTConvert+GCKMediaTextTrackStyleWindowType.h */ = {isa = PBXFileReference; lastKnownFileType = sourcecode.c.h; path = "RCTConvert+GCKMediaTextTrackStyleWindowType.h"; sourceTree = "<group>"; };
		F5A8B3A025CDEA76001CD915 /* RCTConvert+GCKMediaTextTrackStyleFontStyle.h */ = {isa = PBXFileReference; lastKnownFileType = sourcecode.c.h; path = "RCTConvert+GCKMediaTextTrackStyleFontStyle.h"; sourceTree = "<group>"; };
		F5A8B3A125CDEA7F001CD915 /* RCTConvert+GCKMediaTextTrackSubtype.h */ = {isa = PBXFileReference; lastKnownFileType = sourcecode.c.h; path = "RCTConvert+GCKMediaTextTrackSubtype.h"; sourceTree = "<group>"; };
		F5A8B3A225CDEA87001CD915 /* RCTConvert+GCKMediaTrack.h */ = {isa = PBXFileReference; lastKnownFileType = sourcecode.c.h; path = "RCTConvert+GCKMediaTrack.h"; sourceTree = "<group>"; };
		F5A8B3A325CDEA8E001CD915 /* RCTConvert+GCKMediaTrackType.h */ = {isa = PBXFileReference; lastKnownFileType = sourcecode.c.h; path = "RCTConvert+GCKMediaTrackType.h"; sourceTree = "<group>"; };
		F5A8B3A425CDEA9D001CD915 /* RCTConvert+GCKStandbyStatus.h */ = {isa = PBXFileReference; lastKnownFileType = sourcecode.c.h; path = "RCTConvert+GCKStandbyStatus.h"; sourceTree = "<group>"; };
		F5A8B3A525CDEAA4001CD915 /* RCTConvert+GCKVideoInfo.h */ = {isa = PBXFileReference; lastKnownFileType = sourcecode.c.h; path = "RCTConvert+GCKVideoInfo.h"; sourceTree = "<group>"; };
		F5A8B3A625CDEAAB001CD915 /* RCTConvert+GCKVideoInfoHDRType.h */ = {isa = PBXFileReference; lastKnownFileType = sourcecode.c.h; path = "RCTConvert+GCKVideoInfoHDRType.h"; sourceTree = "<group>"; };
		F5A8B3A725CDEAB3001CD915 /* RCTConvert+ISO8601Date.h */ = {isa = PBXFileReference; lastKnownFileType = sourcecode.c.h; path = "RCTConvert+ISO8601Date.h"; sourceTree = "<group>"; };
/* End PBXFileReference section */

/* Begin PBXFrameworksBuildPhase section */
		58B511D81A9E6C8500147676 /* Frameworks */ = {
			isa = PBXFrameworksBuildPhase;
			buildActionMask = 2147483647;
			files = (
			);
			runOnlyForDeploymentPostprocessing = 0;
		};
/* End PBXFrameworksBuildPhase section */

/* Begin PBXGroup section */
		134814211AA4EA7D00B7C361 /* Products */ = {
			isa = PBXGroup;
			children = (
				134814201AA4EA6300B7C361 /* libRNGoogleCast.a */,
			);
			name = Products;
			sourceTree = "<group>";
		};
		58B511D21A9E6C8500147676 = {
			isa = PBXGroup;
			children = (
				911BE482201C8E5700474413 /* RNGoogleCast */,
				134814211AA4EA7D00B7C361 /* Products */,
			);
			sourceTree = "<group>";
		};
		911BE482201C8E5700474413 /* RNGoogleCast */ = {
			isa = PBXGroup;
			children = (
				918B7BE421F0AAB100D669FF /* api */,
				918B7BE221F0AAB100D669FF /* components */,
				91D99D8A231A73270081468C /* types */,
			);
			path = RNGoogleCast;
			sourceTree = "<group>";
		};
		918B7BE221F0AAB100D669FF /* components */ = {
			isa = PBXGroup;
			children = (
				91829AE1227E1D9900906C0C /* RNGoogleCastButton.h */,
				91829AE0227E1D9900906C0C /* RNGoogleCastButton.m */,
				91829AE2227E1D9900906C0C /* RNGoogleCastButtonManager.m */,
			);
			path = components;
			sourceTree = "<group>";
		};
		918B7BE421F0AAB100D669FF /* api */ = {
			isa = PBXGroup;
			children = (
				914BA2CB25BF7569001FFA5E /* RNGCDiscoveryManager.h */,
				914BA2CC25BF7569001FFA5E /* RNGCDiscoveryManager.m */,
				911BE483201C8E7C00474413 /* RNGCCastContext.h */,
				911BE484201C8E8200474413 /* RNGCCastContext.m */,
				91829AB7227E1D5F00906C0C /* RNGCCastSession.h */,
				91829AA5227E1D5E00906C0C /* RNGCCastSession.m */,
				91829AC0227E1D6000906C0C /* RNGCRemoteMediaClient.h */,
				91829AAE227E1D5F00906C0C /* RNGCRemoteMediaClient.m */,
				91829AB8227E1D5F00906C0C /* RNGCRequest.h */,
				91829ABE227E1D5F00906C0C /* RNGCRequest.m */,
				91829AB1227E1D5F00906C0C /* RNGCSessionManager.h */,
				91829ABD227E1D5F00906C0C /* RNGCSessionManager.m */,
			);
			path = api;
			sourceTree = "<group>";
		};
		91D99D8A231A73270081468C /* types */ = {
			isa = PBXGroup;
			children = (
				F5A8B38725CDE932001CD915 /* RCTConvert+GCKActiveInputStatus.h */,
				914932D0231C6EA8001AE93B /* RCTConvert+GCKActiveInputStatus.m */,
				F5A8B38825CDE93B001CD915 /* RCTConvert+GCKAdBreakClipInfo.h */,
				91829AAF227E1D5F00906C0C /* RCTConvert+GCKAdBreakClipInfo.m */,
				F5A8B38925CDE945001CD915 /* RCTConvert+GCKAdBreakInfo.h */,
				91829AB5227E1D5F00906C0C /* RCTConvert+GCKAdBreakInfo.m */,
				F5A8B38A25CDE94E001CD915 /* RCTConvert+GCKAdBreakStatus.h */,
				91829AA9227E1D5E00906C0C /* RCTConvert+GCKAdBreakStatus.m */,
				F5A8B38B25CDE956001CD915 /* RCTConvert+GCKApplicationMetadata.h */,
				914932D2231D7554001AE93B /* RCTConvert+GCKApplicationMetadata.m */,
				F5A8B31225CDE17B001CD915 /* RCTConvert+GCKCastSession.h */,
				914BA2BD25BF7545001FFA5E /* RCTConvert+GCKCastSession.m */,
				F5A8B38C25CDE962001CD915 /* RCTConvert+GCKCastState.h */,
				9143E4D4231B1659008A23D9 /* RCTConvert+GCKCastState.m */,
				F5A8B38D25CDE96D001CD915 /* RCTConvert+GCKColor.h */,
				914932D4231E7502001AE93B /* RCTConvert+GCKColor.m */,
				F5A8B38E25CDE9C0001CD915 /* RCTConvert+GCKDevice.h */,
				914932CE231C6AA5001AE93B /* RCTConvert+GCKDevice.m */,
				F5A8B38F25CDE9CC001CD915 /* RCTConvert+GCKHLSSegmentFormat.h */,
				91829AB6227E1D5F00906C0C /* RCTConvert+GCKHLSSegmentFormat.m */,
				F5A8B39025CDE9D5001CD915 /* RCTConvert+GCKImage.h */,
				91829AA2227E1D5E00906C0C /* RCTConvert+GCKImage.m */,
				F5A8B39125CDE9E0001CD915 /* RCTConvert+GCKMediaInformation.h */,
				91829ABA227E1D5F00906C0C /* RCTConvert+GCKMediaInformation.m */,
				0AA36BA329CB398E009A7241 /* RCTConvert+GCKMediaLiveSeekableRange.h */,
				0AA36BA429CB39A8009A7241 /* RCTConvert+GCKMediaLiveSeekableRange.m */,
				F5A8B37F25CDE68B001CD915 /* RCTConvert+GCKMediaLoadRequest.h */,
				914BA2BF25BF7545001FFA5E /* RCTConvert+GCKMediaLoadRequest.m */,
				F5A8B39225CDE9E8001CD915 /* RCTConvert+GCKMediaMetadata.h */,
				91829AA3227E1D5E00906C0C /* RCTConvert+GCKMediaMetadata.m */,
				F5A8B39325CDE9F1001CD915 /* RCTConvert+GCKMediaMetadataType.h */,
				91829AC2227E1D6000906C0C /* RCTConvert+GCKMediaMetadataType.m */,
				F5A8B39425CDE9F8001CD915 /* RCTConvert+GCKMediaPlayerIdleReason.h */,
				91829AB0227E1D5F00906C0C /* RCTConvert+GCKMediaPlayerIdleReason.m */,
				F5A8B39525CDE9FF001CD915 /* RCTConvert+GCKMediaPlayerState.h */,
				91829AAD227E1D5E00906C0C /* RCTConvert+GCKMediaPlayerState.m */,
				F5A8B38125CDE6EF001CD915 /* RCTConvert+GCKMediaQueueContainerMetadata.h */,
				914BA2C125BF7545001FFA5E /* RCTConvert+GCKMediaQueueContainerMetadata.m */,
				F5A8B38225CDE72E001CD915 /* RCTConvert+GCKMediaQueueContainerType.h */,
				914BA2BE25BF7545001FFA5E /* RCTConvert+GCKMediaQueueContainerType.m */,
				F5A8B38425CDE90A001CD915 /* RCTConvert+GCKMediaQueueData.h */,
				914BA2BC25BF7545001FFA5E /* RCTConvert+GCKMediaQueueData.m */,
				F5A8B39625CDEA05001CD915 /* RCTConvert+GCKMediaQueueItem.h */,
				91829ABB227E1D5F00906C0C /* RCTConvert+GCKMediaQueueItem.m */,
				F5A8B38525CDE916001CD915 /* RCTConvert+GCKMediaQueueType.h */,
				914BA2C025BF7545001FFA5E /* RCTConvert+GCKMediaQueueType.m */,
				F5A8B39725CDEA10001CD915 /* RCTConvert+GCKMediaRepeatMode.h */,
				91829AAB227E1D5E00906C0C /* RCTConvert+GCKMediaRepeatMode.m */,
				F5A8B39825CDEA19001CD915 /* RCTConvert+GCKMediaResumeState.h */,
				91829AB4227E1D5F00906C0C /* RCTConvert+GCKMediaResumeState.m */,
				F5A8B39925CDEA21001CD915 /* RCTConvert+GCKMediaSeekOptions.h */,
				91829AAA227E1D5E00906C0C /* RCTConvert+GCKMediaSeekOptions.m */,
				F5A8B39A25CDEA2B001CD915 /* RCTConvert+GCKMediaStatus.h */,
				91829AA6227E1D5E00906C0C /* RCTConvert+GCKMediaStatus.m */,
				F5A8B39B25CDEA33001CD915 /* RCTConvert+GCKMediaStreamType.h */,
				91829ABF227E1D6000906C0C /* RCTConvert+GCKMediaStreamType.m */,
				F5A8B39C25CDEA3F001CD915 /* RCTConvert+GCKMediaTextTrackStyle.h */,
				914932D6231E9977001AE93B /* RCTConvert+GCKMediaTextTrackStyle.m */,
				F5A8B39D25CDEA5B001CD915 /* RCTConvert+GCKMediaTextTrackStyleEdgeType.h */,
				914932D8231E9A07001AE93B /* RCTConvert+GCKMediaTextTrackStyleEdgeType.m */,
				F5A8B39E25CDEA64001CD915 /* RCTConvert+GCKMediaTextTrackStyleFontGenericFamily.h */,
				914932DC231E9BBD001AE93B /* RCTConvert+GCKMediaTextTrackStyleFontGenericFamily.m */,
				F5A8B3A025CDEA76001CD915 /* RCTConvert+GCKMediaTextTrackStyleFontStyle.h */,
				914932DE231E9CC0001AE93B /* RCTConvert+GCKMediaTextTrackStyleFontStyle.m */,
				F5A8B39F25CDEA6D001CD915 /* RCTConvert+GCKMediaTextTrackStyleWindowType.h */,
				914932DA231E9B4E001AE93B /* RCTConvert+GCKMediaTextTrackStyleWindowType.m */,
				F5A8B3A125CDEA7F001CD915 /* RCTConvert+GCKMediaTextTrackSubtype.h */,
				91829AB9227E1D5F00906C0C /* RCTConvert+GCKMediaTextTrackSubtype.m */,
				F5A8B3A225CDEA87001CD915 /* RCTConvert+GCKMediaTrack.h */,
				91829AA8227E1D5E00906C0C /* RCTConvert+GCKMediaTrack.m */,
				F5A8B3A325CDEA8E001CD915 /* RCTConvert+GCKMediaTrackType.h */,
				91829AA4227E1D5E00906C0C /* RCTConvert+GCKMediaTrackType.m */,
				F5A8B38625CDE929001CD915 /* RCTConvert+GCKRemoteMediaClient.h */,
				914BA2C225BF7545001FFA5E /* RCTConvert+GCKRemoteMediaClient.m */,
				F5A8B3A425CDEA9D001CD915 /* RCTConvert+GCKStandbyStatus.h */,
				91829AB2227E1D5F00906C0C /* RCTConvert+GCKStandbyStatus.m */,
				F5A8B3A525CDEAA4001CD915 /* RCTConvert+GCKVideoInfo.h */,
				91829AA7227E1D5E00906C0C /* RCTConvert+GCKVideoInfo.m */,
				F5A8B3A625CDEAAB001CD915 /* RCTConvert+GCKVideoInfoHDRType.h */,
				91829AB3227E1D5F00906C0C /* RCTConvert+GCKVideoInfoHDRType.m */,
				F5A8B3A725CDEAB3001CD915 /* RCTConvert+ISO8601Date.h */,
				91EB35C72283E67100ABE8E1 /* RCTConvert+ISO8601Date.m */,
			);
			path = types;
			sourceTree = "<group>";
		};
/* End PBXGroup section */

/* Begin PBXNativeTarget section */
		58B511DA1A9E6C8500147676 /* RNGoogleCast */ = {
			isa = PBXNativeTarget;
			buildConfigurationList = 58B511EF1A9E6C8500147676 /* Build configuration list for PBXNativeTarget "RNGoogleCast" */;
			buildPhases = (
				58B511D71A9E6C8500147676 /* Sources */,
				58B511D81A9E6C8500147676 /* Frameworks */,
				58B511D91A9E6C8500147676 /* CopyFiles */,
			);
			buildRules = (
			);
			dependencies = (
			);
			name = RNGoogleCast;
			productName = RCTDataManager;
			productReference = 134814201AA4EA6300B7C361 /* libRNGoogleCast.a */;
			productType = "com.apple.product-type.library.static";
		};
/* End PBXNativeTarget section */

/* Begin PBXProject section */
		58B511D31A9E6C8500147676 /* Project object */ = {
			isa = PBXProject;
			attributes = {
				LastUpgradeCheck = 0610;
				ORGANIZATIONNAME = Facebook;
				TargetAttributes = {
					58B511DA1A9E6C8500147676 = {
						CreatedOnToolsVersion = 6.1.1;
					};
				};
			};
			buildConfigurationList = 58B511D61A9E6C8500147676 /* Build configuration list for PBXProject "RNGoogleCast" */;
			compatibilityVersion = "Xcode 3.2";
			developmentRegion = English;
			hasScannedForEncodings = 0;
			knownRegions = (
				English,
				en,
			);
			mainGroup = 58B511D21A9E6C8500147676;
			productRefGroup = 58B511D21A9E6C8500147676;
			projectDirPath = "";
			projectRoot = "";
			targets = (
				58B511DA1A9E6C8500147676 /* RNGoogleCast */,
			);
		};
/* End PBXProject section */

/* Begin PBXSourcesBuildPhase section */
		58B511D71A9E6C8500147676 /* Sources */ = {
			isa = PBXSourcesBuildPhase;
			buildActionMask = 2147483647;
			files = (
				914BA2C625BF7545001FFA5E /* RCTConvert+GCKMediaLoadRequest.m in Sources */,
				91829AC9227E1D6000906C0C /* RCTConvert+GCKMediaTrack.m in Sources */,
				914932DB231E9B4E001AE93B /* RCTConvert+GCKMediaTextTrackStyleWindowType.m in Sources */,
				914932D7231E9978001AE93B /* RCTConvert+GCKMediaTextTrackStyle.m in Sources */,
				914BA2C425BF7545001FFA5E /* RCTConvert+GCKCastSession.m in Sources */,
				91829ADF227E1D6000906C0C /* RCTConvert+GCKMediaMetadataType.m in Sources */,
				91829AD9227E1D6000906C0C /* RCTConvert+GCKMediaQueueItem.m in Sources */,
				91829ACB227E1D6000906C0C /* RCTConvert+GCKMediaSeekOptions.m in Sources */,
				91829AD4227E1D6000906C0C /* RCTConvert+GCKMediaResumeState.m in Sources */,
				91829AC5227E1D6000906C0C /* RCTConvert+GCKMediaTrackType.m in Sources */,
				914932D3231D7555001AE93B /* RCTConvert+GCKApplicationMetadata.m in Sources */,
				91829ADB227E1D6000906C0C /* RNGCSessionManager.m in Sources */,
				911BE485201C8E8200474413 /* RNGCCastContext.m in Sources */,
				914932CF231C6AA5001AE93B /* RCTConvert+GCKDevice.m in Sources */,
				91829ACE227E1D6000906C0C /* RCTConvert+GCKMediaPlayerState.m in Sources */,
				91829AD6227E1D6000906C0C /* RCTConvert+GCKHLSSegmentFormat.m in Sources */,
				9143E4D5231B1659008A23D9 /* RCTConvert+GCKCastState.m in Sources */,
				91829AD2227E1D6000906C0C /* RCTConvert+GCKStandbyStatus.m in Sources */,
				91829AC7227E1D6000906C0C /* RCTConvert+GCKMediaStatus.m in Sources */,
				91829AC8227E1D6000906C0C /* RCTConvert+GCKVideoInfo.m in Sources */,
				91829AC4227E1D6000906C0C /* RCTConvert+GCKMediaMetadata.m in Sources */,
				91829AC6227E1D6000906C0C /* RNGCCastSession.m in Sources */,
				914BA2C325BF7545001FFA5E /* RCTConvert+GCKMediaQueueData.m in Sources */,
				914BA2C825BF7545001FFA5E /* RCTConvert+GCKMediaQueueContainerMetadata.m in Sources */,
				91829AD5227E1D6000906C0C /* RCTConvert+GCKAdBreakInfo.m in Sources */,
				914932D9231E9A07001AE93B /* RCTConvert+GCKMediaTextTrackStyleEdgeType.m in Sources */,
				91829ADD227E1D6000906C0C /* RCTConvert+GCKMediaStreamType.m in Sources */,
				91829AC3227E1D6000906C0C /* RCTConvert+GCKImage.m in Sources */,
				914932D5231E7503001AE93B /* RCTConvert+GCKColor.m in Sources */,
				914932D1231C6EA8001AE93B /* RCTConvert+GCKActiveInputStatus.m in Sources */,
				91EB35C82283E67100ABE8E1 /* RCTConvert+ISO8601Date.m in Sources */,
				91829AD1227E1D6000906C0C /* RCTConvert+GCKMediaPlayerIdleReason.m in Sources */,
				91829AE4227E1D9900906C0C /* RNGoogleCastButtonManager.m in Sources */,
				91829ACA227E1D6000906C0C /* RCTConvert+GCKAdBreakStatus.m in Sources */,
				91829AD0227E1D6000906C0C /* RCTConvert+GCKAdBreakClipInfo.m in Sources */,
				91829AD7227E1D6000906C0C /* RCTConvert+GCKMediaTextTrackSubtype.m in Sources */,
				91829ACC227E1D6000906C0C /* RCTConvert+GCKMediaRepeatMode.m in Sources */,
				91829ADC227E1D6000906C0C /* RNGCRequest.m in Sources */,
				91829AE3227E1D9900906C0C /* RNGoogleCastButton.m in Sources */,
				914BA2C925BF7545001FFA5E /* RCTConvert+GCKRemoteMediaClient.m in Sources */,
				91829AD8227E1D6000906C0C /* RCTConvert+GCKMediaInformation.m in Sources */,
				91829AD3227E1D6000906C0C /* RCTConvert+GCKVideoInfoHDRType.m in Sources */,
				914932DD231E9BBE001AE93B /* RCTConvert+GCKMediaTextTrackStyleFontGenericFamily.m in Sources */,
				91829ACF227E1D6000906C0C /* RNGCRemoteMediaClient.m in Sources */,
				914BA2C525BF7545001FFA5E /* RCTConvert+GCKMediaQueueContainerType.m in Sources */,
				914BA2C725BF7545001FFA5E /* RCTConvert+GCKMediaQueueType.m in Sources */,
				914BA2CD25BF7569001FFA5E /* RNGCDiscoveryManager.m in Sources */,
				914932DF231E9CC0001AE93B /* RCTConvert+GCKMediaTextTrackStyleFontStyle.m in Sources */,
			);
			runOnlyForDeploymentPostprocessing = 0;
		};
/* End PBXSourcesBuildPhase section */

/* Begin XCBuildConfiguration section */
		58B511ED1A9E6C8500147676 /* Debug */ = {
			isa = XCBuildConfiguration;
			buildSettings = {
				ALWAYS_SEARCH_USER_PATHS = NO;
				CLANG_CXX_LANGUAGE_STANDARD = "gnu++0x";
				CLANG_CXX_LIBRARY = "libc++";
				CLANG_ENABLE_MODULES = YES;
				CLANG_ENABLE_OBJC_ARC = YES;
				CLANG_WARN_BOOL_CONVERSION = YES;
				CLANG_WARN_CONSTANT_CONVERSION = YES;
				CLANG_WARN_DIRECT_OBJC_ISA_USAGE = YES_ERROR;
				CLANG_WARN_EMPTY_BODY = YES;
				CLANG_WARN_ENUM_CONVERSION = YES;
				CLANG_WARN_INT_CONVERSION = YES;
				CLANG_WARN_OBJC_ROOT_CLASS = YES_ERROR;
				CLANG_WARN_UNREACHABLE_CODE = YES;
				CLANG_WARN__DUPLICATE_METHOD_MATCH = YES;
				COPY_PHASE_STRIP = NO;
				ENABLE_STRICT_OBJC_MSGSEND = YES;
				GCC_C_LANGUAGE_STANDARD = gnu99;
				GCC_DYNAMIC_NO_PIC = NO;
				GCC_OPTIMIZATION_LEVEL = 0;
				GCC_PREPROCESSOR_DEFINITIONS = (
					"DEBUG=1",
					"$(inherited)",
				);
				GCC_SYMBOLS_PRIVATE_EXTERN = NO;
				GCC_WARN_64_TO_32_BIT_CONVERSION = YES;
				GCC_WARN_ABOUT_RETURN_TYPE = YES_ERROR;
				GCC_WARN_UNDECLARED_SELECTOR = YES;
				GCC_WARN_UNINITIALIZED_AUTOS = YES_AGGRESSIVE;
				GCC_WARN_UNUSED_FUNCTION = YES;
				GCC_WARN_UNUSED_VARIABLE = YES;
				IPHONEOS_DEPLOYMENT_TARGET = 8.0;
				MTL_ENABLE_DEBUG_INFO = YES;
				ONLY_ACTIVE_ARCH = YES;
				SDKROOT = iphoneos;
			};
			name = Debug;
		};
		58B511EE1A9E6C8500147676 /* Release */ = {
			isa = XCBuildConfiguration;
			buildSettings = {
				ALWAYS_SEARCH_USER_PATHS = NO;
				CLANG_CXX_LANGUAGE_STANDARD = "gnu++0x";
				CLANG_CXX_LIBRARY = "libc++";
				CLANG_ENABLE_MODULES = YES;
				CLANG_ENABLE_OBJC_ARC = YES;
				CLANG_WARN_BOOL_CONVERSION = YES;
				CLANG_WARN_CONSTANT_CONVERSION = YES;
				CLANG_WARN_DIRECT_OBJC_ISA_USAGE = YES_ERROR;
				CLANG_WARN_EMPTY_BODY = YES;
				CLANG_WARN_ENUM_CONVERSION = YES;
				CLANG_WARN_INT_CONVERSION = YES;
				CLANG_WARN_OBJC_ROOT_CLASS = YES_ERROR;
				CLANG_WARN_UNREACHABLE_CODE = YES;
				CLANG_WARN__DUPLICATE_METHOD_MATCH = YES;
				COPY_PHASE_STRIP = YES;
				ENABLE_NS_ASSERTIONS = NO;
				ENABLE_STRICT_OBJC_MSGSEND = YES;
				GCC_C_LANGUAGE_STANDARD = gnu99;
				GCC_WARN_64_TO_32_BIT_CONVERSION = YES;
				GCC_WARN_ABOUT_RETURN_TYPE = YES_ERROR;
				GCC_WARN_UNDECLARED_SELECTOR = YES;
				GCC_WARN_UNINITIALIZED_AUTOS = YES_AGGRESSIVE;
				GCC_WARN_UNUSED_FUNCTION = YES;
				GCC_WARN_UNUSED_VARIABLE = YES;
				IPHONEOS_DEPLOYMENT_TARGET = 8.0;
				MTL_ENABLE_DEBUG_INFO = NO;
				SDKROOT = iphoneos;
				VALIDATE_PRODUCT = YES;
			};
			name = Release;
		};
		58B511F01A9E6C8500147676 /* Debug */ = {
			isa = XCBuildConfiguration;
			buildSettings = {
				FRAMEWORK_SEARCH_PATHS = (
					"$(inherited)",
					"$(SRCROOT)/../../../Pods/google-cast-sdk/**",
					"$(SRCROOT)/../playground/ios/Pods/google-cast-sdk/**",
				);
				HEADER_SEARCH_PATHS = (
					"$(inherited)",
					"$(SRCROOT)/../node_modules/react-native/React/**",
					"$(SRCROOT)/../../react-native/React/**",
				);
				OTHER_LDFLAGS = "-ObjC";
				PRODUCT_NAME = RNGoogleCast;
				SKIP_INSTALL = YES;
			};
			name = Debug;
		};
		58B511F11A9E6C8500147676 /* Release */ = {
			isa = XCBuildConfiguration;
			buildSettings = {
				FRAMEWORK_SEARCH_PATHS = (
					"$(inherited)",
					"$(SRCROOT)/../../../Pods/google-cast-sdk/**",
					"$(SRCROOT)/../playground/ios/Pods/google-cast-sdk/**",
				);
				HEADER_SEARCH_PATHS = (
					"$(inherited)",
					"$(SRCROOT)/../node_modules/react-native/React/**",
					"$(SRCROOT)/../../react-native/React/**",
				);
				OTHER_LDFLAGS = "-ObjC";
				PRODUCT_NAME = RNGoogleCast;
				SKIP_INSTALL = YES;
			};
			name = Release;
		};
/* End XCBuildConfiguration section */

/* Begin XCConfigurationList section */
		58B511D61A9E6C8500147676 /* Build configuration list for PBXProject "RNGoogleCast" */ = {
			isa = XCConfigurationList;
			buildConfigurations = (
				58B511ED1A9E6C8500147676 /* Debug */,
				58B511EE1A9E6C8500147676 /* Release */,
			);
			defaultConfigurationIsVisible = 0;
			defaultConfigurationName = Release;
		};
		58B511EF1A9E6C8500147676 /* Build configuration list for PBXNativeTarget "RNGoogleCast" */ = {
			isa = XCConfigurationList;
			buildConfigurations = (
				58B511F01A9E6C8500147676 /* Debug */,
				58B511F11A9E6C8500147676 /* Release */,
			);
			defaultConfigurationIsVisible = 0;
			defaultConfigurationName = Release;
		};
/* End XCConfigurationList section */
	};
	rootObject = 58B511D31A9E6C8500147676 /* Project object */;
}
