PODS:
  - boost-for-react-native (1.63.0)
  - DoubleConversion (1.1.5)
  - Folly (2016.09.26.00):
    - boost-for-react-native
    - DoubleConversion
    - glog
  - glog (0.3.4)
  - google-cast-sdk (3.5.6):
    - google-cast-sdk/Core (= 3.5.6)
  - google-cast-sdk/Core (3.5.6)
  - React (0.55.4):
    - React/Core (= 0.55.4)
  - react-native-google-cast (3.0.0-beta.1):
    - google-cast-sdk (>= 3)
    - React
  - React/Core (0.55.4):
    - yoga (= 0.55.4.React)
  - React/CxxBridge (0.55.4):
    - Folly (= 2016.09.26.00)
    - React/Core
    - React/cxxreact
  - React/cxxreact (0.55.4):
    - boost-for-react-native (= 1.63.0)
    - Folly (= 2016.09.26.00)
    - React/jschelpers
    - React/jsinspector
  - React/DevSupport (0.55.4):
    - React/Core
    - React/RCTWebSocket
  - React/fishhook (0.55.4)
  - React/jschelpers (0.55.4):
    - Folly (= 2016.09.26.00)
    - React/PrivateDatabase
  - React/jsinspector (0.55.4)
  - React/PrivateDatabase (0.55.4)
  - React/RCTAnimation (0.55.4):
    - React/Core
  - React/RCTBlob (0.55.4):
    - React/Core
  - React/RCTImage (0.55.4):
    - React/Core
    - React/RCTNetwork
  - React/RCTNetwork (0.55.4):
    - React/Core
  - React/RCTText (0.55.4):
    - React/Core
  - React/RCTWebSocket (0.55.4):
    - React/Core
    - React/fishhook
    - React/RCTBlob
  - yoga (0.55.4.React)

DEPENDENCIES:
  - DoubleConversion (from `../../node_modules/react-native/third-party-podspecs`)
  - Folly (from `../../node_modules/react-native/third-party-podspecs`)
  - glog (from `../../node_modules/react-native/third-party-podspecs`)
  - google-cast-sdk (~> 3)
  - react-native-google-cast (from `../../ios/`)
  - React/Core (from `../../node_modules/react-native`)
  - React/CxxBridge (from `../../node_modules/react-native`)
  - React/DevSupport (from `../../node_modules/react-native`)
  - React/RCTAnimation (from `../../node_modules/react-native`)
  - React/RCTImage (from `../../node_modules/react-native`)
  - React/RCTNetwork (from `../../node_modules/react-native`)
  - React/RCTText (from `../../node_modules/react-native`)
  - React/RCTWebSocket (from `../../node_modules/react-native`)
  - yoga (from `../../node_modules/react-native/ReactCommon/yoga`)

SPEC REPOS:
  https://github.com/cocoapods/specs.git:
    - boost-for-react-native
    - google-cast-sdk

EXTERNAL SOURCES:
  DoubleConversion:
    :podspec: "../../node_modules/react-native/third-party-podspecs"
  Folly:
    :podspec: "../../node_modules/react-native/third-party-podspecs"
  glog:
    :podspec: "../../node_modules/react-native/third-party-podspecs"
  React:
    :path: "../../node_modules/react-native"
  react-native-google-cast:
    :path: "../../ios/"
  yoga:
    :path: "../../node_modules/react-native/ReactCommon/yoga"

SPEC CHECKSUMS:
  boost-for-react-native: 39c7adb57c4e60d6c5479dd8623128eb5b3f0f2c
  DoubleConversion: e22e0762848812a87afd67ffda3998d9ef29170c
  Folly: 211775e49d8da0ca658aebc8eab89d642935755c
  glog: 1de0bb937dccdc981596d3b5825ebfb765017ded
  google-cast-sdk: 2736ac5f0c60d26a559f58c6bb37ced7465e9485
  React: aa2040dbb6f317b95314968021bd2888816e03d5
  react-native-google-cast: de987ebfa0440790673d8214b5cc6ca800d23f77
  yoga: a23273df0088bf7f2bb7e5d7b00044ea57a2a54a

PODFILE CHECKSUM: 65d9054784fe4eef2811223ce0d603b4604bf8cb

COCOAPODS: 1.5.2
