PODS:
  - google-cast-sdk (3.5.6):
    - google-cast-sdk/Core (= 3.5.6)
  - google-cast-sdk/Core (3.5.6)

DEPENDENCIES:
  - google-cast-sdk (~> 3)

SPEC CHECKSUMS:
  google-cast-sdk: 2736ac5f0c60d26a559f58c6bb37ced7465e9485

PODFILE CHECKSUM: c083059d624d14d94c6d46f5c74cb2fa7e60c7c2

COCOAPODS: 1.3.1
