// !$*UTF8*$!
{
	archiveVersion = 1;
	classes = {
	};
	objectVersion = 54;
	objects = {

/* Begin PBXBuildFile section */
		0C80B921A6F3F58F76C31292 /* libPods-CastExample.a in Frameworks */ = {isa = PBXBuildFile; fileRef = 5DCACB8F33CDC322A6C60F78 /* libPods-CastExample.a */; };
		13B07FBF1A68108700A75B9A /* Images.xcassets in Resources */ = {isa = PBXBuildFile; fileRef = 13B07FB51A68108700A75B9A /* Images.xcassets */; };
		1534DD70E88D289C03DD052A /* MediaLoadRequestConverterTests.swift in Sources */ = {isa = PBXBuildFile; fileRef = 583CB3F35308A8AD015326C6 /* MediaLoadRequestConverterTests.swift */; };
		1668586AFE5EA5F6F2E7AE4C /* mediaInfo.json in Resources */ = {isa = PBXBuildFile; fileRef = 56207C6DECEBF951ADFC44D5 /* mediaInfo.json */; };
		187464540DC0627857A7D455 /* Foundation.framework in Frameworks */ = {isa = PBXBuildFile; fileRef = 779854B72D9EB90F8D75DE24 /* Foundation.framework */; };
		22EFC52CA9BDBE7206B9BBBB /* StateEnumConverterTests.swift in Sources */ = {isa = PBXBuildFile; fileRef = 2ECD13393927F54CD7574E81 /* StateEnumConverterTests.swift */; };
		3644FCF70720785683137ADB /* DeviceStatusListenerSelectorTests.swift in Sources */ = {isa = PBXBuildFile; fileRef = C66E907FAE7BB1E54C860CA8 /* DeviceStatusListenerSelectorTests.swift */; };
		3793168C11FD428477BD36D2 /* ObjCExceptionCatcher.m in Sources */ = {isa = PBXBuildFile; fileRef = BE0BC692AE34376D15117AB1 /* ObjCExceptionCatcher.m */; };
		3A54B274C6391B2DF2F044B7 /* MediaLiveSeekableRangeConverterTests.swift in Sources */ = {isa = PBXBuildFile; fileRef = 5F6AC5B7F5FF4768DB12274F /* MediaLiveSeekableRangeConverterTests.swift */; };
		458EC749E8545D5D14045EDF /* VideoInfoConverterTests.swift in Sources */ = {isa = PBXBuildFile; fileRef = A304778A69B66DF7C7B92C51 /* VideoInfoConverterTests.swift */; };
		4887C65CDE9509118E285B97 /* MediaSeekOptionsConverterTests.swift in Sources */ = {isa = PBXBuildFile; fileRef = A49AEB84FBE0B676E396FA8E /* MediaSeekOptionsConverterTests.swift */; };
		54037D4FB58DB1A717DAC54B /* mediaQueueItem.json in Resources */ = {isa = PBXBuildFile; fileRef = D7B3B0F935E6A6194186A0A6 /* mediaQueueItem.json */; };
		543A665ABE5F680688297527 /* mediaLiveSeekableRange.json in Resources */ = {isa = PBXBuildFile; fileRef = B26E6F8FA09FA976940564B8 /* mediaLiveSeekableRange.json */; };
		5AABD49F4CBDA10BE0335924 /* MediaQueueItemConverterTests.swift in Sources */ = {isa = PBXBuildFile; fileRef = 7935594327519A50496169CA /* MediaQueueItemConverterTests.swift */; };
		656C2B00A32550D541921572 /* PrivacyInfo.xcprivacy in Resources */ = {isa = PBXBuildFile; fileRef = 13B07FB81A68108700A75B9A /* PrivacyInfo.xcprivacy */; };
		67A988A0494581C27D1CAA51 /* textTrackStyle.json in Resources */ = {isa = PBXBuildFile; fileRef = F12D4A03172B86E4B4360480 /* textTrackStyle.json */; };
		761780ED2CA45674006654EE /* AppDelegate.swift in Sources */ = {isa = PBXBuildFile; fileRef = 761780EC2CA45674006654EE /* AppDelegate.swift */; };
		7EAC73AC1C7C6F66A78E2B50 /* webImage.json in Resources */ = {isa = PBXBuildFile; fileRef = CD5368DB3979F7BED0E02B18 /* webImage.json */; };
		81AB9BB82411601600AC10FF /* LaunchScreen.storyboard in Resources */ = {isa = PBXBuildFile; fileRef = 81AB9BB72411601600AC10FF /* LaunchScreen.storyboard */; };
		89B8C26648F904B42A2948FC /* MediaQueueDataConverterTests.swift in Sources */ = {isa = PBXBuildFile; fileRef = 9B925CDDC0A51A5FCC1282EE /* MediaQueueDataConverterTests.swift */; };
		8EED9A3542CD6051A93B3F20 /* videoInfo.json in Resources */ = {isa = PBXBuildFile; fileRef = 09C61447F6A35CD6496D7D33 /* videoInfo.json */; };
		8F17AB62FE01E357F435B5C1 /* mediaLoadRequest.json in Resources */ = {isa = PBXBuildFile; fileRef = 2636BABBD6C616B444D45799 /* mediaLoadRequest.json */; };
		A7C21E5D4B3F60918D2A4C72 /* CastMessageChannelTests.swift in Sources */ = {isa = PBXBuildFile; fileRef = A7C21E5D4B3F60918D2A4C71 /* CastMessageChannelTests.swift */; };
		A9E74E88AE270C87563785E9 /* ConverterAssertions.swift in Sources */ = {isa = PBXBuildFile; fileRef = 31AE1FB39451C5BD98524B0E /* ConverterAssertions.swift */; };
		AA90DB0478E72CE1E85F6BA5 /* mediaSeekOptions.json in Resources */ = {isa = PBXBuildFile; fileRef = 9DA9A7DE70569F6FEDC83EE4 /* mediaSeekOptions.json */; };
		AD6C41D2A84F59D396DD1ADE /* libPods-NitroGoogleCastTests.a in Frameworks */ = {isa = PBXBuildFile; fileRef = 734165D8F6B0CBDB199B2153 /* libPods-NitroGoogleCastTests.a */; };
		B2C20978461B5704FC1035EA /* mediaMetadata.json in Resources */ = {isa = PBXBuildFile; fileRef = D238C1D4072D586851C1CAC7 /* mediaMetadata.json */; };
		B84E14BC4B34BB50CC563F5C /* MediaQueueContainerMetadataConverterTests.swift in Sources */ = {isa = PBXBuildFile; fileRef = F196BBF640971F1DC57691AE /* MediaQueueContainerMetadataConverterTests.swift */; };
		BD7FB9D8634FC3842DB2A3EA /* mediaStatus.json in Resources */ = {isa = PBXBuildFile; fileRef = 006789989A684E4E7B35A906 /* mediaStatus.json */; };
		BDB356D57EF99DF4DD10D920 /* mediaTrack.json in Resources */ = {isa = PBXBuildFile; fileRef = 7D58987ED68359BA12F4902B /* mediaTrack.json */; };
		C1126EA2B6E84DC9EC4DB730 /* MediaInfoConverterTests.swift in Sources */ = {isa = PBXBuildFile; fileRef = AEE5126EC00A1CF0854FEC2C /* MediaInfoConverterTests.swift */; };
		CE9BA8E4E6CB702EA00ACDC4 /* MediaStatusConverterTests.swift in Sources */ = {isa = PBXBuildFile; fileRef = 0EAE69B317C350F01C826A60 /* MediaStatusConverterTests.swift */; };
		D4D37E0D98C03840E32131C4 /* MediaMetadataConverterTests.swift in Sources */ = {isa = PBXBuildFile; fileRef = 601A25E393D5E717271FDB47 /* MediaMetadataConverterTests.swift */; };
		D50530E04E0C2472AA1DB13D /* ConverterFixtures.swift in Sources */ = {isa = PBXBuildFile; fileRef = 48720271A19CCCCA05701D16 /* ConverterFixtures.swift */; };
		E73558341F3BE28665FFFD10 /* mediaQueueData.json in Resources */ = {isa = PBXBuildFile; fileRef = 52ADC9DB9B632A6362839214 /* mediaQueueData.json */; };
		F2EC64755691C6F620AF9F60 /* TextTrackStyleConverterTests.swift in Sources */ = {isa = PBXBuildFile; fileRef = A78BC92FD79D4698F93D9438 /* TextTrackStyleConverterTests.swift */; };
		F48F082A9B39E3C02763F149 /* mediaQueueContainerMetadata.json in Resources */ = {isa = PBXBuildFile; fileRef = 47941F2BF4B53247F926F608 /* mediaQueueContainerMetadata.json */; };
		F50A0AC6186CAFFFE8B02BA9 /* WebImageConverterTests.swift in Sources */ = {isa = PBXBuildFile; fileRef = 1C5C9BA0346A86D31EE8E1B0 /* WebImageConverterTests.swift */; };
		F55DD9B58723C918433ED184 /* MediaTrackConverterTests.swift in Sources */ = {isa = PBXBuildFile; fileRef = 4FFF977ABAE74AED162B9770 /* MediaTrackConverterTests.swift */; };
/* End PBXBuildFile section */

/* Begin PBXContainerItemProxy section */
		5CFDB66DF11F803F637A118F /* PBXContainerItemProxy */ = {
			isa = PBXContainerItemProxy;
			containerPortal = 83CBB9F71A601CBA00E9B192 /* Project object */;
			proxyType = 1;
			remoteGlobalIDString = 13B07F861A680F5B00A75B9A;
			remoteInfo = CastExample;
		};
/* End PBXContainerItemProxy section */

/* Begin PBXFileReference section */
		006789989A684E4E7B35A906 /* mediaStatus.json */ = {isa = PBXFileReference; includeInIndex = 1; name = mediaStatus.json; path = ../../fixtures/converters/mediaStatus.json; sourceTree = "<group>"; };
		09C61447F6A35CD6496D7D33 /* videoInfo.json */ = {isa = PBXFileReference; includeInIndex = 1; name = videoInfo.json; path = ../../fixtures/converters/videoInfo.json; sourceTree = "<group>"; };
		0EAE69B317C350F01C826A60 /* MediaStatusConverterTests.swift */ = {isa = PBXFileReference; includeInIndex = 1; lastKnownFileType = sourcecode.swift; path = MediaStatusConverterTests.swift; sourceTree = "<group>"; };
		13B07F961A680F5B00A75B9A /* CastExample.app */ = {isa = PBXFileReference; explicitFileType = wrapper.application; includeInIndex = 0; path = CastExample.app; sourceTree = BUILT_PRODUCTS_DIR; };
		13B07FB51A68108700A75B9A /* Images.xcassets */ = {isa = PBXFileReference; lastKnownFileType = folder.assetcatalog; name = Images.xcassets; path = CastExample/Images.xcassets; sourceTree = "<group>"; };
		13B07FB61A68108700A75B9A /* Info.plist */ = {isa = PBXFileReference; fileEncoding = 4; lastKnownFileType = text.plist.xml; name = Info.plist; path = CastExample/Info.plist; sourceTree = "<group>"; };
		13B07FB81A68108700A75B9A /* PrivacyInfo.xcprivacy */ = {isa = PBXFileReference; fileEncoding = 4; lastKnownFileType = text.plist.xml; name = PrivacyInfo.xcprivacy; path = CastExample/PrivacyInfo.xcprivacy; sourceTree = "<group>"; };
		1C5C9BA0346A86D31EE8E1B0 /* WebImageConverterTests.swift */ = {isa = PBXFileReference; includeInIndex = 1; lastKnownFileType = sourcecode.swift; path = WebImageConverterTests.swift; sourceTree = "<group>"; };
		2636BABBD6C616B444D45799 /* mediaLoadRequest.json */ = {isa = PBXFileReference; includeInIndex = 1; name = mediaLoadRequest.json; path = ../../fixtures/converters/mediaLoadRequest.json; sourceTree = "<group>"; };
		2ECD13393927F54CD7574E81 /* StateEnumConverterTests.swift */ = {isa = PBXFileReference; includeInIndex = 1; lastKnownFileType = sourcecode.swift; path = StateEnumConverterTests.swift; sourceTree = "<group>"; };
		31AE1FB39451C5BD98524B0E /* ConverterAssertions.swift */ = {isa = PBXFileReference; includeInIndex = 1; lastKnownFileType = sourcecode.swift; path = ConverterAssertions.swift; sourceTree = "<group>"; };
		3B4392A12AC88292D35C810B /* Pods-CastExample.debug.xcconfig */ = {isa = PBXFileReference; includeInIndex = 1; lastKnownFileType = text.xcconfig; name = "Pods-CastExample.debug.xcconfig"; path = "Target Support Files/Pods-CastExample/Pods-CastExample.debug.xcconfig"; sourceTree = "<group>"; };
		47941F2BF4B53247F926F608 /* mediaQueueContainerMetadata.json */ = {isa = PBXFileReference; includeInIndex = 1; name = mediaQueueContainerMetadata.json; path = ../../fixtures/converters/mediaQueueContainerMetadata.json; sourceTree = "<group>"; };
		48720271A19CCCCA05701D16 /* ConverterFixtures.swift */ = {isa = PBXFileReference; includeInIndex = 1; lastKnownFileType = sourcecode.swift; path = ConverterFixtures.swift; sourceTree = "<group>"; };
		4FFF977ABAE74AED162B9770 /* MediaTrackConverterTests.swift */ = {isa = PBXFileReference; includeInIndex = 1; lastKnownFileType = sourcecode.swift; path = MediaTrackConverterTests.swift; sourceTree = "<group>"; };
		52ADC9DB9B632A6362839214 /* mediaQueueData.json */ = {isa = PBXFileReference; includeInIndex = 1; name = mediaQueueData.json; path = ../../fixtures/converters/mediaQueueData.json; sourceTree = "<group>"; };
		56207C6DECEBF951ADFC44D5 /* mediaInfo.json */ = {isa = PBXFileReference; includeInIndex = 1; name = mediaInfo.json; path = ../../fixtures/converters/mediaInfo.json; sourceTree = "<group>"; };
		5709B34CF0A7D63546082F79 /* Pods-CastExample.release.xcconfig */ = {isa = PBXFileReference; includeInIndex = 1; lastKnownFileType = text.xcconfig; name = "Pods-CastExample.release.xcconfig"; path = "Target Support Files/Pods-CastExample/Pods-CastExample.release.xcconfig"; sourceTree = "<group>"; };
		583CB3F35308A8AD015326C6 /* MediaLoadRequestConverterTests.swift */ = {isa = PBXFileReference; includeInIndex = 1; lastKnownFileType = sourcecode.swift; path = MediaLoadRequestConverterTests.swift; sourceTree = "<group>"; };
		5DCACB8F33CDC322A6C60F78 /* libPods-CastExample.a */ = {isa = PBXFileReference; explicitFileType = archive.ar; includeInIndex = 0; path = "libPods-CastExample.a"; sourceTree = BUILT_PRODUCTS_DIR; };
		5F6AC5B7F5FF4768DB12274F /* MediaLiveSeekableRangeConverterTests.swift */ = {isa = PBXFileReference; includeInIndex = 1; lastKnownFileType = sourcecode.swift; path = MediaLiveSeekableRangeConverterTests.swift; sourceTree = "<group>"; };
		601A25E393D5E717271FDB47 /* MediaMetadataConverterTests.swift */ = {isa = PBXFileReference; includeInIndex = 1; lastKnownFileType = sourcecode.swift; path = MediaMetadataConverterTests.swift; sourceTree = "<group>"; };
		734165D8F6B0CBDB199B2153 /* libPods-NitroGoogleCastTests.a */ = {isa = PBXFileReference; explicitFileType = archive.ar; includeInIndex = 0; path = "libPods-NitroGoogleCastTests.a"; sourceTree = BUILT_PRODUCTS_DIR; };
		761780EC2CA45674006654EE /* AppDelegate.swift */ = {isa = PBXFileReference; lastKnownFileType = sourcecode.swift; name = AppDelegate.swift; path = CastExample/AppDelegate.swift; sourceTree = "<group>"; };
		779854B72D9EB90F8D75DE24 /* Foundation.framework */ = {isa = PBXFileReference; lastKnownFileType = wrapper.framework; name = Foundation.framework; path = Platforms/iPhoneOS.platform/Developer/SDKs/iPhoneOS18.0.sdk/System/Library/Frameworks/Foundation.framework; sourceTree = DEVELOPER_DIR; };
		7935594327519A50496169CA /* MediaQueueItemConverterTests.swift */ = {isa = PBXFileReference; includeInIndex = 1; lastKnownFileType = sourcecode.swift; path = MediaQueueItemConverterTests.swift; sourceTree = "<group>"; };
		7C37CF92849D5D9E5E03D509 /* Pods-NitroGoogleCastTests.release.xcconfig */ = {isa = PBXFileReference; includeInIndex = 1; lastKnownFileType = text.xcconfig; name = "Pods-NitroGoogleCastTests.release.xcconfig"; path = "Target Support Files/Pods-NitroGoogleCastTests/Pods-NitroGoogleCastTests.release.xcconfig"; sourceTree = "<group>"; };
		7D25EEE635499F84B57C657F /* Pods-NitroGoogleCastTests.debug.xcconfig */ = {isa = PBXFileReference; includeInIndex = 1; lastKnownFileType = text.xcconfig; name = "Pods-NitroGoogleCastTests.debug.xcconfig"; path = "Target Support Files/Pods-NitroGoogleCastTests/Pods-NitroGoogleCastTests.debug.xcconfig"; sourceTree = "<group>"; };
		7D58987ED68359BA12F4902B /* mediaTrack.json */ = {isa = PBXFileReference; includeInIndex = 1; name = mediaTrack.json; path = ../../fixtures/converters/mediaTrack.json; sourceTree = "<group>"; };
		81AB9BB72411601600AC10FF /* LaunchScreen.storyboard */ = {isa = PBXFileReference; fileEncoding = 4; lastKnownFileType = file.storyboard; name = LaunchScreen.storyboard; path = CastExample/LaunchScreen.storyboard; sourceTree = "<group>"; };
		83AC4B1FE313398578441B61 /* NitroGoogleCastTests.xctest */ = {isa = PBXFileReference; explicitFileType = wrapper.cfbundle; includeInIndex = 0; path = NitroGoogleCastTests.xctest; sourceTree = BUILT_PRODUCTS_DIR; };
		9B925CDDC0A51A5FCC1282EE /* MediaQueueDataConverterTests.swift */ = {isa = PBXFileReference; includeInIndex = 1; lastKnownFileType = sourcecode.swift; path = MediaQueueDataConverterTests.swift; sourceTree = "<group>"; };
		9DA9A7DE70569F6FEDC83EE4 /* mediaSeekOptions.json */ = {isa = PBXFileReference; includeInIndex = 1; name = mediaSeekOptions.json; path = ../../fixtures/converters/mediaSeekOptions.json; sourceTree = "<group>"; };
		A2E0EF12B1FEAADDD522D214 /* ObjCExceptionCatcher.h */ = {isa = PBXFileReference; includeInIndex = 1; lastKnownFileType = sourcecode.c.h; path = ObjCExceptionCatcher.h; sourceTree = "<group>"; };
		A304778A69B66DF7C7B92C51 /* VideoInfoConverterTests.swift */ = {isa = PBXFileReference; includeInIndex = 1; lastKnownFileType = sourcecode.swift; path = VideoInfoConverterTests.swift; sourceTree = "<group>"; };
		A49AEB84FBE0B676E396FA8E /* MediaSeekOptionsConverterTests.swift */ = {isa = PBXFileReference; includeInIndex = 1; lastKnownFileType = sourcecode.swift; path = MediaSeekOptionsConverterTests.swift; sourceTree = "<group>"; };
		A78BC92FD79D4698F93D9438 /* TextTrackStyleConverterTests.swift */ = {isa = PBXFileReference; includeInIndex = 1; lastKnownFileType = sourcecode.swift; path = TextTrackStyleConverterTests.swift; sourceTree = "<group>"; };
		A7C21E5D4B3F60918D2A4C71 /* CastMessageChannelTests.swift */ = {isa = PBXFileReference; includeInIndex = 1; lastKnownFileType = sourcecode.swift; path = CastMessageChannelTests.swift; sourceTree = "<group>"; };
		AEE5126EC00A1CF0854FEC2C /* MediaInfoConverterTests.swift */ = {isa = PBXFileReference; includeInIndex = 1; lastKnownFileType = sourcecode.swift; path = MediaInfoConverterTests.swift; sourceTree = "<group>"; };
		AF59CECC66765DA0E4BBEAE4 /* NitroGoogleCastTests-Bridging-Header.h */ = {isa = PBXFileReference; includeInIndex = 1; lastKnownFileType = sourcecode.c.h; path = "NitroGoogleCastTests-Bridging-Header.h"; sourceTree = "<group>"; };
		B26E6F8FA09FA976940564B8 /* mediaLiveSeekableRange.json */ = {isa = PBXFileReference; includeInIndex = 1; name = mediaLiveSeekableRange.json; path = ../../fixtures/converters/mediaLiveSeekableRange.json; sourceTree = "<group>"; };
		BE0BC692AE34376D15117AB1 /* ObjCExceptionCatcher.m */ = {isa = PBXFileReference; includeInIndex = 1; lastKnownFileType = sourcecode.c.objc; path = ObjCExceptionCatcher.m; sourceTree = "<group>"; };
		C66E907FAE7BB1E54C860CA8 /* DeviceStatusListenerSelectorTests.swift */ = {isa = PBXFileReference; includeInIndex = 1; lastKnownFileType = sourcecode.swift; path = DeviceStatusListenerSelectorTests.swift; sourceTree = "<group>"; };
		CD5368DB3979F7BED0E02B18 /* webImage.json */ = {isa = PBXFileReference; includeInIndex = 1; name = webImage.json; path = ../../fixtures/converters/webImage.json; sourceTree = "<group>"; };
		D238C1D4072D586851C1CAC7 /* mediaMetadata.json */ = {isa = PBXFileReference; includeInIndex = 1; name = mediaMetadata.json; path = ../../fixtures/converters/mediaMetadata.json; sourceTree = "<group>"; };
		D7B3B0F935E6A6194186A0A6 /* mediaQueueItem.json */ = {isa = PBXFileReference; includeInIndex = 1; name = mediaQueueItem.json; path = ../../fixtures/converters/mediaQueueItem.json; sourceTree = "<group>"; };
		ED297162215061F000B7C4FE /* JavaScriptCore.framework */ = {isa = PBXFileReference; lastKnownFileType = wrapper.framework; name = JavaScriptCore.framework; path = System/Library/Frameworks/JavaScriptCore.framework; sourceTree = SDKROOT; };
		F12D4A03172B86E4B4360480 /* textTrackStyle.json */ = {isa = PBXFileReference; includeInIndex = 1; name = textTrackStyle.json; path = ../../fixtures/converters/textTrackStyle.json; sourceTree = "<group>"; };
		F196BBF640971F1DC57691AE /* MediaQueueContainerMetadataConverterTests.swift */ = {isa = PBXFileReference; includeInIndex = 1; lastKnownFileType = sourcecode.swift; path = MediaQueueContainerMetadataConverterTests.swift; sourceTree = "<group>"; };
/* End PBXFileReference section */

/* Begin PBXFrameworksBuildPhase section */
		07E3C5BA4974CECB0E743105 /* Frameworks */ = {
			isa = PBXFrameworksBuildPhase;
			buildActionMask = 2147483647;
			files = (
				187464540DC0627857A7D455 /* Foundation.framework in Frameworks */,
				AD6C41D2A84F59D396DD1ADE /* libPods-NitroGoogleCastTests.a in Frameworks */,
			);
			runOnlyForDeploymentPostprocessing = 0;
		};
		13B07F8C1A680F5B00A75B9A /* Frameworks */ = {
			isa = PBXFrameworksBuildPhase;
			buildActionMask = 2147483647;
			files = (
				0C80B921A6F3F58F76C31292 /* libPods-CastExample.a in Frameworks */,
			);
			runOnlyForDeploymentPostprocessing = 0;
		};
/* End PBXFrameworksBuildPhase section */

/* Begin PBXGroup section */
		13B07FAE1A68108700A75B9A /* CastExample */ = {
			isa = PBXGroup;
			children = (
				13B07FB51A68108700A75B9A /* Images.xcassets */,
				761780EC2CA45674006654EE /* AppDelegate.swift */,
				13B07FB61A68108700A75B9A /* Info.plist */,
				81AB9BB72411601600AC10FF /* LaunchScreen.storyboard */,
				13B07FB81A68108700A75B9A /* PrivacyInfo.xcprivacy */,
			);
			name = CastExample;
			sourceTree = "<group>";
		};
		2D16E6871FA4F8E400B85C8A /* Frameworks */ = {
			isa = PBXGroup;
			children = (
				ED297162215061F000B7C4FE /* JavaScriptCore.framework */,
				5DCACB8F33CDC322A6C60F78 /* libPods-CastExample.a */,
				EC4DC40F9F33A8183BB74389 /* iOS */,
				734165D8F6B0CBDB199B2153 /* libPods-NitroGoogleCastTests.a */,
			);
			name = Frameworks;
			sourceTree = "<group>";
		};
		2FAB4F55A91C1EBCB3F5447B /* NitroGoogleCastTests */ = {
			isa = PBXGroup;
			children = (
				48720271A19CCCCA05701D16 /* ConverterFixtures.swift */,
				1C5C9BA0346A86D31EE8E1B0 /* WebImageConverterTests.swift */,
				601A25E393D5E717271FDB47 /* MediaMetadataConverterTests.swift */,
				BE0BC692AE34376D15117AB1 /* ObjCExceptionCatcher.m */,
				A2E0EF12B1FEAADDD522D214 /* ObjCExceptionCatcher.h */,
				AF59CECC66765DA0E4BBEAE4 /* NitroGoogleCastTests-Bridging-Header.h */,
				31AE1FB39451C5BD98524B0E /* ConverterAssertions.swift */,
				4FFF977ABAE74AED162B9770 /* MediaTrackConverterTests.swift */,
				A78BC92FD79D4698F93D9438 /* TextTrackStyleConverterTests.swift */,
				A49AEB84FBE0B676E396FA8E /* MediaSeekOptionsConverterTests.swift */,
				AEE5126EC00A1CF0854FEC2C /* MediaInfoConverterTests.swift */,
				7935594327519A50496169CA /* MediaQueueItemConverterTests.swift */,
				F196BBF640971F1DC57691AE /* MediaQueueContainerMetadataConverterTests.swift */,
				9B925CDDC0A51A5FCC1282EE /* MediaQueueDataConverterTests.swift */,
				583CB3F35308A8AD015326C6 /* MediaLoadRequestConverterTests.swift */,
				A304778A69B66DF7C7B92C51 /* VideoInfoConverterTests.swift */,
				5F6AC5B7F5FF4768DB12274F /* MediaLiveSeekableRangeConverterTests.swift */,
				0EAE69B317C350F01C826A60 /* MediaStatusConverterTests.swift */,
				2ECD13393927F54CD7574E81 /* StateEnumConverterTests.swift */,
				C66E907FAE7BB1E54C860CA8 /* DeviceStatusListenerSelectorTests.swift */,
				A7C21E5D4B3F60918D2A4C71 /* CastMessageChannelTests.swift */,
			);
			name = NitroGoogleCastTests;
			path = NitroGoogleCastTests;
			sourceTree = SOURCE_ROOT;
		};
		459B3CAE3497384F1FAABFE7 /* Fixtures */ = {
			isa = PBXGroup;
			children = (
				CD5368DB3979F7BED0E02B18 /* webImage.json */,
				D238C1D4072D586851C1CAC7 /* mediaMetadata.json */,
				7D58987ED68359BA12F4902B /* mediaTrack.json */,
				F12D4A03172B86E4B4360480 /* textTrackStyle.json */,
				9DA9A7DE70569F6FEDC83EE4 /* mediaSeekOptions.json */,
				56207C6DECEBF951ADFC44D5 /* mediaInfo.json */,
				D7B3B0F935E6A6194186A0A6 /* mediaQueueItem.json */,
				47941F2BF4B53247F926F608 /* mediaQueueContainerMetadata.json */,
				52ADC9DB9B632A6362839214 /* mediaQueueData.json */,
				2636BABBD6C616B444D45799 /* mediaLoadRequest.json */,
				09C61447F6A35CD6496D7D33 /* videoInfo.json */,
				B26E6F8FA09FA976940564B8 /* mediaLiveSeekableRange.json */,
				006789989A684E4E7B35A906 /* mediaStatus.json */,
			);
			name = Fixtures;
			sourceTree = SOURCE_ROOT;
		};
		832341AE1AAA6A7D00B99B32 /* Libraries */ = {
			isa = PBXGroup;
			children = (
			);
			name = Libraries;
			sourceTree = "<group>";
		};
		83CBB9F61A601CBA00E9B192 = {
			isa = PBXGroup;
			children = (
				13B07FAE1A68108700A75B9A /* CastExample */,
				832341AE1AAA6A7D00B99B32 /* Libraries */,
				83CBBA001A601CBA00E9B192 /* Products */,
				2D16E6871FA4F8E400B85C8A /* Frameworks */,
				BBD78D7AC51CEA395F1C20DB /* Pods */,
				2FAB4F55A91C1EBCB3F5447B /* NitroGoogleCastTests */,
				459B3CAE3497384F1FAABFE7 /* Fixtures */,
			);
			indentWidth = 2;
			sourceTree = "<group>";
			tabWidth = 2;
			usesTabs = 0;
		};
		83CBBA001A601CBA00E9B192 /* Products */ = {
			isa = PBXGroup;
			children = (
				13B07F961A680F5B00A75B9A /* CastExample.app */,
				83AC4B1FE313398578441B61 /* NitroGoogleCastTests.xctest */,
			);
			name = Products;
			sourceTree = "<group>";
		};
		BBD78D7AC51CEA395F1C20DB /* Pods */ = {
			isa = PBXGroup;
			children = (
				3B4392A12AC88292D35C810B /* Pods-CastExample.debug.xcconfig */,
				5709B34CF0A7D63546082F79 /* Pods-CastExample.release.xcconfig */,
				7C37CF92849D5D9E5E03D509 /* Pods-NitroGoogleCastTests.release.xcconfig */,
				7D25EEE635499F84B57C657F /* Pods-NitroGoogleCastTests.debug.xcconfig */,
			);
			path = Pods;
			sourceTree = "<group>";
		};
		EC4DC40F9F33A8183BB74389 /* iOS */ = {
			isa = PBXGroup;
			children = (
				779854B72D9EB90F8D75DE24 /* Foundation.framework */,
			);
			name = iOS;
			sourceTree = "<group>";
		};
/* End PBXGroup section */

/* Begin PBXNativeTarget section */
		13B07F861A680F5B00A75B9A /* CastExample */ = {
			isa = PBXNativeTarget;
			buildConfigurationList = 13B07F931A680F5B00A75B9A /* Build configuration list for PBXNativeTarget "CastExample" */;
			buildPhases = (
				C38B50BA6285516D6DCD4F65 /* [CP] Check Pods Manifest.lock */,
				13B07F871A680F5B00A75B9A /* Sources */,
				13B07F8C1A680F5B00A75B9A /* Frameworks */,
				13B07F8E1A680F5B00A75B9A /* Resources */,
				00DD1BFF1BD5951E006B06BC /* Bundle React Native code and images */,
				00EEFC60759A1932668264C0 /* [CP] Embed Pods Frameworks */,
				E235C05ADACE081382539298 /* [CP] Copy Pods Resources */,
			);
			buildRules = (
			);
			dependencies = (
			);
			name = CastExample;
			productName = CastExample;
			productReference = 13B07F961A680F5B00A75B9A /* CastExample.app */;
			productType = "com.apple.product-type.application";
		};
		D94ACC29FB65856A890F09E5 /* NitroGoogleCastTests */ = {
			isa = PBXNativeTarget;
			buildConfigurationList = 78BC8C2B6FA35BC11B8F000F /* Build configuration list for PBXNativeTarget "NitroGoogleCastTests" */;
			buildPhases = (
				7ADD61745F870984A6C66848 /* [CP] Check Pods Manifest.lock */,
				B3C301B55DBB71D462E0C77D /* Sources */,
				07E3C5BA4974CECB0E743105 /* Frameworks */,
				9509750BDF1488B3C6E31139 /* Resources */,
			);
			buildRules = (
			);
			dependencies = (
				8275B91540AF57AC58CE7F42 /* PBXTargetDependency */,
			);
			name = NitroGoogleCastTests;
			productName = NitroGoogleCastTests;
			productReference = 83AC4B1FE313398578441B61 /* NitroGoogleCastTests.xctest */;
			productType = "com.apple.product-type.bundle.unit-test";
		};
/* End PBXNativeTarget section */

/* Begin PBXProject section */
		83CBB9F71A601CBA00E9B192 /* Project object */ = {
			isa = PBXProject;
			attributes = {
				LastUpgradeCheck = 1210;
				TargetAttributes = {
					13B07F861A680F5B00A75B9A = {
						LastSwiftMigration = 1120;
					};
				};
			};
			buildConfigurationList = 83CBB9FA1A601CBA00E9B192 /* Build configuration list for PBXProject "CastExample" */;
			compatibilityVersion = "Xcode 12.0";
			developmentRegion = en;
			hasScannedForEncodings = 0;
			knownRegions = (
				en,
				Base,
			);
			mainGroup = 83CBB9F61A601CBA00E9B192;
			productRefGroup = 83CBBA001A601CBA00E9B192 /* Products */;
			projectDirPath = "";
			projectRoot = "";
			targets = (
				13B07F861A680F5B00A75B9A /* CastExample */,
				D94ACC29FB65856A890F09E5 /* NitroGoogleCastTests */,
			);
		};
/* End PBXProject section */

/* Begin PBXResourcesBuildPhase section */
		13B07F8E1A680F5B00A75B9A /* Resources */ = {
			isa = PBXResourcesBuildPhase;
			buildActionMask = 2147483647;
			files = (
				81AB9BB82411601600AC10FF /* LaunchScreen.storyboard in Resources */,
				13B07FBF1A68108700A75B9A /* Images.xcassets in Resources */,
				656C2B00A32550D541921572 /* PrivacyInfo.xcprivacy in Resources */,
			);
			runOnlyForDeploymentPostprocessing = 0;
		};
		9509750BDF1488B3C6E31139 /* Resources */ = {
			isa = PBXResourcesBuildPhase;
			buildActionMask = 2147483647;
			files = (
				7EAC73AC1C7C6F66A78E2B50 /* webImage.json in Resources */,
				B2C20978461B5704FC1035EA /* mediaMetadata.json in Resources */,
				BDB356D57EF99DF4DD10D920 /* mediaTrack.json in Resources */,
				67A988A0494581C27D1CAA51 /* textTrackStyle.json in Resources */,
				AA90DB0478E72CE1E85F6BA5 /* mediaSeekOptions.json in Resources */,
				1668586AFE5EA5F6F2E7AE4C /* mediaInfo.json in Resources */,
				54037D4FB58DB1A717DAC54B /* mediaQueueItem.json in Resources */,
				F48F082A9B39E3C02763F149 /* mediaQueueContainerMetadata.json in Resources */,
				E73558341F3BE28665FFFD10 /* mediaQueueData.json in Resources */,
				8F17AB62FE01E357F435B5C1 /* mediaLoadRequest.json in Resources */,
				8EED9A3542CD6051A93B3F20 /* videoInfo.json in Resources */,
				543A665ABE5F680688297527 /* mediaLiveSeekableRange.json in Resources */,
				BD7FB9D8634FC3842DB2A3EA /* mediaStatus.json in Resources */,
			);
			runOnlyForDeploymentPostprocessing = 0;
		};
/* End PBXResourcesBuildPhase section */

/* Begin PBXShellScriptBuildPhase section */
		00DD1BFF1BD5951E006B06BC /* Bundle React Native code and images */ = {
			isa = PBXShellScriptBuildPhase;
			buildActionMask = 2147483647;
			files = (
			);
			inputPaths = (
				"$(SRCROOT)/.xcode.env.local",
				"$(SRCROOT)/.xcode.env",
			);
			name = "Bundle React Native code and images";
			outputPaths = (
			);
			runOnlyForDeploymentPostprocessing = 0;
			shellPath = /bin/sh;
			shellScript = "set -e\n\nWITH_ENVIRONMENT=\"$REACT_NATIVE_PATH/scripts/xcode/with-environment.sh\"\nREACT_NATIVE_XCODE=\"$REACT_NATIVE_PATH/scripts/react-native-xcode.sh\"\n\n/bin/sh -c \"\\\"$WITH_ENVIRONMENT\\\" \\\"$REACT_NATIVE_XCODE\\\"\"\n";
		};
		00EEFC60759A1932668264C0 /* [CP] Embed Pods Frameworks */ = {
			isa = PBXShellScriptBuildPhase;
			buildActionMask = 2147483647;
			files = (
			);
			inputFileListPaths = (
				"${PODS_ROOT}/Target Support Files/Pods-CastExample/Pods-CastExample-frameworks-${CONFIGURATION}-input-files.xcfilelist",
			);
			name = "[CP] Embed Pods Frameworks";
			outputFileListPaths = (
				"${PODS_ROOT}/Target Support Files/Pods-CastExample/Pods-CastExample-frameworks-${CONFIGURATION}-output-files.xcfilelist",
			);
			runOnlyForDeploymentPostprocessing = 0;
			shellPath = /bin/sh;
			shellScript = "\"${PODS_ROOT}/Target Support Files/Pods-CastExample/Pods-CastExample-frameworks.sh\"\n";
			showEnvVarsInLog = 0;
		};
		7ADD61745F870984A6C66848 /* [CP] Check Pods Manifest.lock */ = {
			isa = PBXShellScriptBuildPhase;
			buildActionMask = 2147483647;
			files = (
			);
			inputFileListPaths = (
			);
			inputPaths = (
				"${PODS_PODFILE_DIR_PATH}/Podfile.lock",
				"${PODS_ROOT}/Manifest.lock",
			);
			name = "[CP] Check Pods Manifest.lock";
			outputFileListPaths = (
			);
			outputPaths = (
				"$(DERIVED_FILE_DIR)/Pods-NitroGoogleCastTests-checkManifestLockResult.txt",
			);
			runOnlyForDeploymentPostprocessing = 0;
			shellPath = /bin/sh;
			shellScript = "diff \"${PODS_PODFILE_DIR_PATH}/Podfile.lock\" \"${PODS_ROOT}/Manifest.lock\" > /dev/null\nif [ $? != 0 ] ; then\n    # print error to STDERR\n    echo \"error: The sandbox is not in sync with the Podfile.lock. Run 'pod install' or update your CocoaPods installation.\" >&2\n    exit 1\nfi\n# This output is used by Xcode 'outputs' to avoid re-running this script phase.\necho \"SUCCESS\" > \"${SCRIPT_OUTPUT_FILE_0}\"\n";
			showEnvVarsInLog = 0;
		};
		C38B50BA6285516D6DCD4F65 /* [CP] Check Pods Manifest.lock */ = {
			isa = PBXShellScriptBuildPhase;
			buildActionMask = 2147483647;
			files = (
			);
			inputFileListPaths = (
			);
			inputPaths = (
				"${PODS_PODFILE_DIR_PATH}/Podfile.lock",
				"${PODS_ROOT}/Manifest.lock",
			);
			name = "[CP] Check Pods Manifest.lock";
			outputFileListPaths = (
			);
			outputPaths = (
				"$(DERIVED_FILE_DIR)/Pods-CastExample-checkManifestLockResult.txt",
			);
			runOnlyForDeploymentPostprocessing = 0;
			shellPath = /bin/sh;
			shellScript = "diff \"${PODS_PODFILE_DIR_PATH}/Podfile.lock\" \"${PODS_ROOT}/Manifest.lock\" > /dev/null\nif [ $? != 0 ] ; then\n    # print error to STDERR\n    echo \"error: The sandbox is not in sync with the Podfile.lock. Run 'pod install' or update your CocoaPods installation.\" >&2\n    exit 1\nfi\n# This output is used by Xcode 'outputs' to avoid re-running this script phase.\necho \"SUCCESS\" > \"${SCRIPT_OUTPUT_FILE_0}\"\n";
			showEnvVarsInLog = 0;
		};
		E235C05ADACE081382539298 /* [CP] Copy Pods Resources */ = {
			isa = PBXShellScriptBuildPhase;
			buildActionMask = 2147483647;
			files = (
			);
			inputFileListPaths = (
				"${PODS_ROOT}/Target Support Files/Pods-CastExample/Pods-CastExample-resources-${CONFIGURATION}-input-files.xcfilelist",
			);
			name = "[CP] Copy Pods Resources";
			outputFileListPaths = (
				"${PODS_ROOT}/Target Support Files/Pods-CastExample/Pods-CastExample-resources-${CONFIGURATION}-output-files.xcfilelist",
			);
			runOnlyForDeploymentPostprocessing = 0;
			shellPath = /bin/sh;
			shellScript = "\"${PODS_ROOT}/Target Support Files/Pods-CastExample/Pods-CastExample-resources.sh\"\n";
			showEnvVarsInLog = 0;
		};
/* End PBXShellScriptBuildPhase section */

/* Begin PBXSourcesBuildPhase section */
		13B07F871A680F5B00A75B9A /* Sources */ = {
			isa = PBXSourcesBuildPhase;
			buildActionMask = 2147483647;
			files = (
				761780ED2CA45674006654EE /* AppDelegate.swift in Sources */,
			);
			runOnlyForDeploymentPostprocessing = 0;
		};
		B3C301B55DBB71D462E0C77D /* Sources */ = {
			isa = PBXSourcesBuildPhase;
			buildActionMask = 2147483647;
			files = (
				D50530E04E0C2472AA1DB13D /* ConverterFixtures.swift in Sources */,
				F50A0AC6186CAFFFE8B02BA9 /* WebImageConverterTests.swift in Sources */,
				D4D37E0D98C03840E32131C4 /* MediaMetadataConverterTests.swift in Sources */,
				3793168C11FD428477BD36D2 /* ObjCExceptionCatcher.m in Sources */,
				A9E74E88AE270C87563785E9 /* ConverterAssertions.swift in Sources */,
				F55DD9B58723C918433ED184 /* MediaTrackConverterTests.swift in Sources */,
				F2EC64755691C6F620AF9F60 /* TextTrackStyleConverterTests.swift in Sources */,
				4887C65CDE9509118E285B97 /* MediaSeekOptionsConverterTests.swift in Sources */,
				C1126EA2B6E84DC9EC4DB730 /* MediaInfoConverterTests.swift in Sources */,
				5AABD49F4CBDA10BE0335924 /* MediaQueueItemConverterTests.swift in Sources */,
				B84E14BC4B34BB50CC563F5C /* MediaQueueContainerMetadataConverterTests.swift in Sources */,
				89B8C26648F904B42A2948FC /* MediaQueueDataConverterTests.swift in Sources */,
				1534DD70E88D289C03DD052A /* MediaLoadRequestConverterTests.swift in Sources */,
				458EC749E8545D5D14045EDF /* VideoInfoConverterTests.swift in Sources */,
				3A54B274C6391B2DF2F044B7 /* MediaLiveSeekableRangeConverterTests.swift in Sources */,
				CE9BA8E4E6CB702EA00ACDC4 /* MediaStatusConverterTests.swift in Sources */,
				22EFC52CA9BDBE7206B9BBBB /* StateEnumConverterTests.swift in Sources */,
				3644FCF70720785683137ADB /* DeviceStatusListenerSelectorTests.swift in Sources */,
				A7C21E5D4B3F60918D2A4C72 /* CastMessageChannelTests.swift in Sources */,
			);
			runOnlyForDeploymentPostprocessing = 0;
		};
/* End PBXSourcesBuildPhase section */

/* Begin PBXTargetDependency section */
		8275B91540AF57AC58CE7F42 /* PBXTargetDependency */ = {
			isa = PBXTargetDependency;
			name = CastExample;
			target = 13B07F861A680F5B00A75B9A /* CastExample */;
			targetProxy = 5CFDB66DF11F803F637A118F /* PBXContainerItemProxy */;
		};
/* End PBXTargetDependency section */

/* Begin XCBuildConfiguration section */
		13B07F941A680F5B00A75B9A /* Debug */ = {
			isa = XCBuildConfiguration;
			baseConfigurationReference = 3B4392A12AC88292D35C810B /* Pods-CastExample.debug.xcconfig */;
			buildSettings = {
				ASSETCATALOG_COMPILER_APPICON_NAME = AppIcon;
				CLANG_ENABLE_MODULES = YES;
				CURRENT_PROJECT_VERSION = 1;
				ENABLE_BITCODE = NO;
				INFOPLIST_FILE = CastExample/Info.plist;
				IPHONEOS_DEPLOYMENT_TARGET = 15.1;
				LD_RUNPATH_SEARCH_PATHS = (
					"$(inherited)",
					"@executable_path/Frameworks",
				);
				MARKETING_VERSION = 1.0;
				OTHER_LDFLAGS = (
					"$(inherited)",
					"-ObjC",
					"-lc++",
				);
				PRODUCT_BUNDLE_IDENTIFIER = "org.reactjs.native.example.$(PRODUCT_NAME:rfc1034identifier)";
				PRODUCT_NAME = CastExample;
				SUPPORTED_PLATFORMS = "iphoneos iphonesimulator";
				SWIFT_OPTIMIZATION_LEVEL = "-Onone";
				SWIFT_VERSION = 5.0;
				TARGETED_DEVICE_FAMILY = "1,2";
				VERSIONING_SYSTEM = "apple-generic";
			};
			name = Debug;
		};
		13B07F951A680F5B00A75B9A /* Release */ = {
			isa = XCBuildConfiguration;
			baseConfigurationReference = 5709B34CF0A7D63546082F79 /* Pods-CastExample.release.xcconfig */;
			buildSettings = {
				ASSETCATALOG_COMPILER_APPICON_NAME = AppIcon;
				CLANG_ENABLE_MODULES = YES;
				CURRENT_PROJECT_VERSION = 1;
				INFOPLIST_FILE = CastExample/Info.plist;
				IPHONEOS_DEPLOYMENT_TARGET = 15.1;
				LD_RUNPATH_SEARCH_PATHS = (
					"$(inherited)",
					"@executable_path/Frameworks",
				);
				MARKETING_VERSION = 1.0;
				OTHER_LDFLAGS = (
					"$(inherited)",
					"-ObjC",
					"-lc++",
				);
				PRODUCT_BUNDLE_IDENTIFIER = "org.reactjs.native.example.$(PRODUCT_NAME:rfc1034identifier)";
				PRODUCT_NAME = CastExample;
				SUPPORTED_PLATFORMS = "iphoneos iphonesimulator";
				SWIFT_VERSION = 5.0;
				TARGETED_DEVICE_FAMILY = "1,2";
				VERSIONING_SYSTEM = "apple-generic";
			};
			name = Release;
		};
		6AC6257E5068D0BF5776893A /* Debug */ = {
			isa = XCBuildConfiguration;
			baseConfigurationReference = 7D25EEE635499F84B57C657F /* Pods-NitroGoogleCastTests.debug.xcconfig */;
			buildSettings = {
				BUNDLE_LOADER = "$(TEST_HOST)";
				CLANG_CXX_LIBRARY = "libc++";
				CLANG_ENABLE_OBJC_WEAK = NO;
				CODE_SIGNING_ALLOWED = NO;
				GENERATE_INFOPLIST_FILE = YES;
				HEADER_SEARCH_PATHS = (
					"$(inherited)",
					"\"${PODS_ROOT}/Headers/Private\"",
					"\"${PODS_ROOT}/Headers/Private/NitroModules\"",
					"\"${PODS_ROOT}/Headers/Private/NitroGoogleCast\"",
				);
				IPHONEOS_DEPLOYMENT_TARGET = 15.1;
				LD_RUNPATH_SEARCH_PATHS = (
					"$(inherited)",
					"@executable_path/Frameworks",
					"@loader_path/Frameworks",
				);
				OTHER_SWIFT_FLAGS = "$(inherited) -Xcc -fmodule-map-file=\"${PODS_CONFIGURATION_BUILD_DIR}/NitroModules/NitroModules.modulemap\" -Xcc -fmodule-map-file=\"${PODS_CONFIGURATION_BUILD_DIR}/NitroGoogleCast/NitroGoogleCast.modulemap\"";
				PRODUCT_BUNDLE_IDENTIFIER = org.reactjs.native.example.NitroGoogleCastTests;
				PRODUCT_NAME = "$(TARGET_NAME)";
				SDKROOT = iphoneos;
				SWIFT_OBJC_BRIDGING_HEADER = "NitroGoogleCastTests/NitroGoogleCastTests-Bridging-Header.h";
				SWIFT_OBJC_INTEROP_HEADER_NAME = "";
				SWIFT_OBJC_INTEROP_MODE = objcxx;
				SWIFT_VERSION = 5.0;
				TEST_HOST = "$(BUILT_PRODUCTS_DIR)/CastExample.app/$(BUNDLE_EXECUTABLE_FOLDER_PATH)/CastExample";
			};
			name = Debug;
		};
		83CBBA201A601CBA00E9B192 /* Debug */ = {
			isa = XCBuildConfiguration;
			buildSettings = {
				ALWAYS_SEARCH_USER_PATHS = NO;
				CLANG_ANALYZER_LOCALIZABILITY_NONLOCALIZED = YES;
				CLANG_CXX_LANGUAGE_STANDARD = "c++20";
				CLANG_CXX_LIBRARY = "libc++";
				CLANG_ENABLE_MODULES = YES;
				CLANG_ENABLE_OBJC_ARC = YES;
				CLANG_WARN_BLOCK_CAPTURE_AUTORELEASING = YES;
				CLANG_WARN_BOOL_CONVERSION = YES;
				CLANG_WARN_COMMA = YES;
				CLANG_WARN_CONSTANT_CONVERSION = YES;
				CLANG_WARN_DEPRECATED_OBJC_IMPLEMENTATIONS = YES;
				CLANG_WARN_DIRECT_OBJC_ISA_USAGE = YES_ERROR;
				CLANG_WARN_EMPTY_BODY = YES;
				CLANG_WARN_ENUM_CONVERSION = YES;
				CLANG_WARN_INFINITE_RECURSION = YES;
				CLANG_WARN_INT_CONVERSION = YES;
				CLANG_WARN_NON_LITERAL_NULL_CONVERSION = YES;
				CLANG_WARN_OBJC_IMPLICIT_RETAIN_SELF = YES;
				CLANG_WARN_OBJC_LITERAL_CONVERSION = YES;
				CLANG_WARN_OBJC_ROOT_CLASS = YES_ERROR;
				CLANG_WARN_QUOTED_INCLUDE_IN_FRAMEWORK_HEADER = YES;
				CLANG_WARN_RANGE_LOOP_ANALYSIS = YES;
				CLANG_WARN_STRICT_PROTOTYPES = YES;
				CLANG_WARN_SUSPICIOUS_MOVE = YES;
				CLANG_WARN_UNREACHABLE_CODE = YES;
				CLANG_WARN__DUPLICATE_METHOD_MATCH = YES;
				"CODE_SIGN_IDENTITY[sdk=iphoneos*]" = "iPhone Developer";
				COPY_PHASE_STRIP = NO;
				ENABLE_STRICT_OBJC_MSGSEND = YES;
				ENABLE_TESTABILITY = YES;
				"EXCLUDED_ARCHS[sdk=iphonesimulator*]" = "";
				GCC_C_LANGUAGE_STANDARD = gnu99;
				GCC_DYNAMIC_NO_PIC = NO;
				GCC_NO_COMMON_BLOCKS = YES;
				GCC_OPTIMIZATION_LEVEL = 0;
				GCC_PREPROCESSOR_DEFINITIONS = (
					"DEBUG=1",
					"$(inherited)",
				);
				GCC_SYMBOLS_PRIVATE_EXTERN = NO;
				GCC_WARN_64_TO_32_BIT_CONVERSION = YES;
				GCC_WARN_ABOUT_RETURN_TYPE = YES_ERROR;
				GCC_WARN_UNDECLARED_SELECTOR = YES;
				GCC_WARN_UNINITIALIZED_AUTOS = YES_AGGRESSIVE;
				GCC_WARN_UNUSED_FUNCTION = YES;
				GCC_WARN_UNUSED_VARIABLE = YES;
				IPHONEOS_DEPLOYMENT_TARGET = 15.1;
				LD_RUNPATH_SEARCH_PATHS = (
					/usr/lib/swift,
					"$(inherited)",
				);
				LIBRARY_SEARCH_PATHS = (
					"\"$(SDKROOT)/usr/lib/swift\"",
					"\"$(TOOLCHAIN_DIR)/usr/lib/swift/$(PLATFORM_NAME)\"",
					"\"$(inherited)\"",
				);
				MTL_ENABLE_DEBUG_INFO = YES;
				ONLY_ACTIVE_ARCH = YES;
				OTHER_CFLAGS = (
					"$(inherited)",
					"-DRCT_REMOVE_LEGACY_ARCH=1",
				);
				OTHER_CPLUSPLUSFLAGS = (
					"$(OTHER_CFLAGS)",
					"-DFOLLY_NO_CONFIG",
					"-DFOLLY_MOBILE=1",
					"-DFOLLY_USE_LIBCPP=1",
					"-DFOLLY_CFG_NO_COROUTINES=1",
					"-DFOLLY_HAVE_CLOCK_GETTIME=1",
					"-DRCT_REMOVE_LEGACY_ARCH=1",
				);
				PODFILE_DIR = "$(SRCROOT)";
				REACT_NATIVE_PATH = "${PODS_ROOT}/../../../node_modules/react-native";
				SDKROOT = iphoneos;
				SWIFT_ACTIVE_COMPILATION_CONDITIONS = "$(inherited) DEBUG";
				SWIFT_ENABLE_EXPLICIT_MODULES = NO;
				USE_HERMES = true;
			};
			name = Debug;
		};
		83CBBA211A601CBA00E9B192 /* Release */ = {
			isa = XCBuildConfiguration;
			buildSettings = {
				ALWAYS_SEARCH_USER_PATHS = NO;
				CLANG_ANALYZER_LOCALIZABILITY_NONLOCALIZED = YES;
				CLANG_CXX_LANGUAGE_STANDARD = "c++20";
				CLANG_CXX_LIBRARY = "libc++";
				CLANG_ENABLE_MODULES = YES;
				CLANG_ENABLE_OBJC_ARC = YES;
				CLANG_WARN_BLOCK_CAPTURE_AUTORELEASING = YES;
				CLANG_WARN_BOOL_CONVERSION = YES;
				CLANG_WARN_COMMA = YES;
				CLANG_WARN_CONSTANT_CONVERSION = YES;
				CLANG_WARN_DEPRECATED_OBJC_IMPLEMENTATIONS = YES;
				CLANG_WARN_DIRECT_OBJC_ISA_USAGE = YES_ERROR;
				CLANG_WARN_EMPTY_BODY = YES;
				CLANG_WARN_ENUM_CONVERSION = YES;
				CLANG_WARN_INFINITE_RECURSION = YES;
				CLANG_WARN_INT_CONVERSION = YES;
				CLANG_WARN_NON_LITERAL_NULL_CONVERSION = YES;
				CLANG_WARN_OBJC_IMPLICIT_RETAIN_SELF = YES;
				CLANG_WARN_OBJC_LITERAL_CONVERSION = YES;
				CLANG_WARN_OBJC_ROOT_CLASS = YES_ERROR;
				CLANG_WARN_QUOTED_INCLUDE_IN_FRAMEWORK_HEADER = YES;
				CLANG_WARN_RANGE_LOOP_ANALYSIS = YES;
				CLANG_WARN_STRICT_PROTOTYPES = YES;
				CLANG_WARN_SUSPICIOUS_MOVE = YES;
				CLANG_WARN_UNREACHABLE_CODE = YES;
				CLANG_WARN__DUPLICATE_METHOD_MATCH = YES;
				"CODE_SIGN_IDENTITY[sdk=iphoneos*]" = "iPhone Developer";
				COPY_PHASE_STRIP = YES;
				ENABLE_NS_ASSERTIONS = NO;
				ENABLE_STRICT_OBJC_MSGSEND = YES;
				"EXCLUDED_ARCHS[sdk=iphonesimulator*]" = "";
				GCC_C_LANGUAGE_STANDARD = gnu99;
				GCC_NO_COMMON_BLOCKS = YES;
				GCC_WARN_64_TO_32_BIT_CONVERSION = YES;
				GCC_WARN_ABOUT_RETURN_TYPE = YES_ERROR;
				GCC_WARN_UNDECLARED_SELECTOR = YES;
				GCC_WARN_UNINITIALIZED_AUTOS = YES_AGGRESSIVE;
				GCC_WARN_UNUSED_FUNCTION = YES;
				GCC_WARN_UNUSED_VARIABLE = YES;
				IPHONEOS_DEPLOYMENT_TARGET = 15.1;
				LD_RUNPATH_SEARCH_PATHS = (
					/usr/lib/swift,
					"$(inherited)",
				);
				LIBRARY_SEARCH_PATHS = (
					"\"$(SDKROOT)/usr/lib/swift\"",
					"\"$(TOOLCHAIN_DIR)/usr/lib/swift/$(PLATFORM_NAME)\"",
					"\"$(inherited)\"",
				);
				MTL_ENABLE_DEBUG_INFO = NO;
				OTHER_CFLAGS = (
					"$(inherited)",
					"-DRCT_REMOVE_LEGACY_ARCH=1",
				);
				OTHER_CPLUSPLUSFLAGS = (
					"$(OTHER_CFLAGS)",
					"-DFOLLY_NO_CONFIG",
					"-DFOLLY_MOBILE=1",
					"-DFOLLY_USE_LIBCPP=1",
					"-DFOLLY_CFG_NO_COROUTINES=1",
					"-DFOLLY_HAVE_CLOCK_GETTIME=1",
					"-DRCT_REMOVE_LEGACY_ARCH=1",
				);
				PODFILE_DIR = "$(SRCROOT)";
				REACT_NATIVE_PATH = "${PODS_ROOT}/../../../node_modules/react-native";
				SDKROOT = iphoneos;
				SWIFT_ENABLE_EXPLICIT_MODULES = NO;
				USE_HERMES = true;
				VALIDATE_PRODUCT = YES;
			};
			name = Release;
		};
		9942EAAA028ECEF69C2FDF64 /* Release */ = {
			isa = XCBuildConfiguration;
			baseConfigurationReference = 7C37CF92849D5D9E5E03D509 /* Pods-NitroGoogleCastTests.release.xcconfig */;
			buildSettings = {
				BUNDLE_LOADER = "$(TEST_HOST)";
				CLANG_CXX_LIBRARY = "libc++";
				CLANG_ENABLE_OBJC_WEAK = NO;
				CODE_SIGNING_ALLOWED = NO;
				GENERATE_INFOPLIST_FILE = YES;
				HEADER_SEARCH_PATHS = (
					"$(inherited)",
					"\"${PODS_ROOT}/Headers/Private\"",
					"\"${PODS_ROOT}/Headers/Private/NitroModules\"",
					"\"${PODS_ROOT}/Headers/Private/NitroGoogleCast\"",
				);
				IPHONEOS_DEPLOYMENT_TARGET = 15.1;
				LD_RUNPATH_SEARCH_PATHS = (
					"$(inherited)",
					"@executable_path/Frameworks",
					"@loader_path/Frameworks",
				);
				OTHER_SWIFT_FLAGS = "$(inherited) -Xcc -fmodule-map-file=\"${PODS_CONFIGURATION_BUILD_DIR}/NitroModules/NitroModules.modulemap\" -Xcc -fmodule-map-file=\"${PODS_CONFIGURATION_BUILD_DIR}/NitroGoogleCast/NitroGoogleCast.modulemap\"";
				PRODUCT_BUNDLE_IDENTIFIER = org.reactjs.native.example.NitroGoogleCastTests;
				PRODUCT_NAME = "$(TARGET_NAME)";
				SDKROOT = iphoneos;
				SWIFT_OBJC_BRIDGING_HEADER = "NitroGoogleCastTests/NitroGoogleCastTests-Bridging-Header.h";
				SWIFT_OBJC_INTEROP_HEADER_NAME = "";
				SWIFT_OBJC_INTEROP_MODE = objcxx;
				SWIFT_VERSION = 5.0;
				TEST_HOST = "$(BUILT_PRODUCTS_DIR)/CastExample.app/$(BUNDLE_EXECUTABLE_FOLDER_PATH)/CastExample";
				VALIDATE_PRODUCT = YES;
			};
			name = Release;
		};
/* End XCBuildConfiguration section */

/* Begin XCConfigurationList section */
		13B07F931A680F5B00A75B9A /* Build configuration list for PBXNativeTarget "CastExample" */ = {
			isa = XCConfigurationList;
			buildConfigurations = (
				13B07F941A680F5B00A75B9A /* Debug */,
				13B07F951A680F5B00A75B9A /* Release */,
			);
			defaultConfigurationIsVisible = 0;
			defaultConfigurationName = Release;
		};
		78BC8C2B6FA35BC11B8F000F /* Build configuration list for PBXNativeTarget "NitroGoogleCastTests" */ = {
			isa = XCConfigurationList;
			buildConfigurations = (
				9942EAAA028ECEF69C2FDF64 /* Release */,
				6AC6257E5068D0BF5776893A /* Debug */,
			);
			defaultConfigurationIsVisible = 0;
			defaultConfigurationName = Release;
		};
		83CBB9FA1A601CBA00E9B192 /* Build configuration list for PBXProject "CastExample" */ = {
			isa = XCConfigurationList;
			buildConfigurations = (
				83CBBA201A601CBA00E9B192 /* Debug */,
				83CBBA211A601CBA00E9B192 /* Release */,
			);
			defaultConfigurationIsVisible = 0;
			defaultConfigurationName = Release;
		};
/* End XCConfigurationList section */
	};
	rootObject = 83CBB9F71A601CBA00E9B192 /* Project object */;
}
